// !$*UTF8*$!
{
	archiveVersion = 1;
	classes = {
	};
	objectVersion = 46;
	objects = {

/* Begin PBXBuildFile section */
		040FECFC1EC552E000CE0BC7 /* EditPasswordViewController.m in Sources */ = {isa = PBXBuildFile; fileRef = 040FECFA1EC552E000CE0BC7 /* EditPasswordViewController.m */; };
		040FECFD1EC552E000CE0BC7 /* EditPasswordViewController.xib in Resources */ = {isa = PBXBuildFile; fileRef = 040FECFB1EC552E000CE0BC7 /* EditPasswordViewController.xib */; };
		040FED021EC559EB00CE0BC7 /* AdressListViewController.m in Sources */ = {isa = PBXBuildFile; fileRef = 040FED001EC559EB00CE0BC7 /* AdressListViewController.m */; };
		040FED031EC559EB00CE0BC7 /* AdressListViewController.xib in Resources */ = {isa = PBXBuildFile; fileRef = 040FED011EC559EB00CE0BC7 /* AdressListViewController.xib */; };
		040FED071EC55A6200CE0BC7 /* ShippingAlerTableViewCell.m in Sources */ = {isa = PBXBuildFile; fileRef = 040FED051EC55A6200CE0BC7 /* ShippingAlerTableViewCell.m */; };
		040FED081EC55A6200CE0BC7 /* ShippingAlerTableViewCell.xib in Resources */ = {isa = PBXBuildFile; fileRef = 040FED061EC55A6200CE0BC7 /* ShippingAlerTableViewCell.xib */; };
		040FED0C1EC55B6100CE0BC7 /* ShippingALTableViewCell.m in Sources */ = {isa = PBXBuildFile; fileRef = 040FED0A1EC55B6100CE0BC7 /* ShippingALTableViewCell.m */; };
		040FED0D1EC55B6100CE0BC7 /* ShippingALTableViewCell.xib in Resources */ = {isa = PBXBuildFile; fileRef = 040FED0B1EC55B6100CE0BC7 /* ShippingALTableViewCell.xib */; };
		040FED111EC5603600CE0BC7 /* EditShippingAddressViewController.m in Sources */ = {isa = PBXBuildFile; fileRef = 040FED0F1EC5603600CE0BC7 /* EditShippingAddressViewController.m */; };
		040FED121EC5603600CE0BC7 /* EditShippingAddressViewController.xib in Resources */ = {isa = PBXBuildFile; fileRef = 040FED101EC5603600CE0BC7 /* EditShippingAddressViewController.xib */; };
		040FED151EC5633600CE0BC7 /* PSCityPickerView.m in Sources */ = {isa = PBXBuildFile; fileRef = 040FED141EC5633600CE0BC7 /* PSCityPickerView.m */; };
		040FED171EC5668500CE0BC7 /* city.plist in Resources */ = {isa = PBXBuildFile; fileRef = 040FED161EC5668500CE0BC7 /* city.plist */; };
		040FED1C1EC5886900CE0BC7 /* BankCardManageViewController.m in Sources */ = {isa = PBXBuildFile; fileRef = 040FED1A1EC5886900CE0BC7 /* BankCardManageViewController.m */; };
		040FED1D1EC5886900CE0BC7 /* BankCardManageViewController.xib in Resources */ = {isa = PBXBuildFile; fileRef = 040FED1B1EC5886900CE0BC7 /* BankCardManageViewController.xib */; };
		040FED211EC58B6C00CE0BC7 /* BankCardTableViewCell.m in Sources */ = {isa = PBXBuildFile; fileRef = 040FED1F1EC58B6C00CE0BC7 /* BankCardTableViewCell.m */; };
		040FED221EC58B6C00CE0BC7 /* BankCardTableViewCell.xib in Resources */ = {isa = PBXBuildFile; fileRef = 040FED201EC58B6C00CE0BC7 /* BankCardTableViewCell.xib */; };
		040FED251EC5A3D500CE0BC7 /* BankPickView.m in Sources */ = {isa = PBXBuildFile; fileRef = 040FED241EC5A3D500CE0BC7 /* BankPickView.m */; };
		041C7CD61EBC16F90084D2D4 /* Base.xcassets in Resources */ = {isa = PBXBuildFile; fileRef = 041C7CD51EBC16F90084D2D4 /* Base.xcassets */; };
		041C7CD81EBC17720084D2D4 /* Login.xcassets in Resources */ = {isa = PBXBuildFile; fileRef = 041C7CD71EBC17720084D2D4 /* Login.xcassets */; };
		042C6FBB1EC4053A0035A912 /* NSTimer+timerBlock.m in Sources */ = {isa = PBXBuildFile; fileRef = 042C6FB71EC405390035A912 /* NSTimer+timerBlock.m */; };
		042C6FBC1EC4053A0035A912 /* ZZCircleProgress.bundle in Resources */ = {isa = PBXBuildFile; fileRef = 042C6FB81EC405390035A912 /* ZZCircleProgress.bundle */; };
		042C6FBD1EC4053A0035A912 /* ZZCircleProgress.m in Sources */ = {isa = PBXBuildFile; fileRef = 042C6FBA1EC405390035A912 /* ZZCircleProgress.m */; };
		042C6FC21EC438DA0035A912 /* SetViewController.m in Sources */ = {isa = PBXBuildFile; fileRef = 042C6FC01EC438DA0035A912 /* SetViewController.m */; };
		042C6FC31EC438DA0035A912 /* SetViewController.xib in Resources */ = {isa = PBXBuildFile; fileRef = 042C6FC11EC438DA0035A912 /* SetViewController.xib */; };
		042C6FC81EC444F40035A912 /* RealNameSetViewController.m in Sources */ = {isa = PBXBuildFile; fileRef = 042C6FC61EC444F30035A912 /* RealNameSetViewController.m */; };
		042C6FC91EC444F40035A912 /* RealNameSetViewController.xib in Resources */ = {isa = PBXBuildFile; fileRef = 042C6FC71EC444F30035A912 /* RealNameSetViewController.xib */; };
		042C70341EC452340035A912 /* CodeScan.bundle in Resources */ = {isa = PBXBuildFile; fileRef = 042C70161EC452340035A912 /* CodeScan.bundle */; };
		042C70351EC452340035A912 /* UIActionSheet+LBXAlertAction.m in Sources */ = {isa = PBXBuildFile; fileRef = 042C701A1EC452340035A912 /* UIActionSheet+LBXAlertAction.m */; };
		042C70361EC452340035A912 /* UIAlertView+LBXAlertAction.m in Sources */ = {isa = PBXBuildFile; fileRef = 042C701C1EC452340035A912 /* UIAlertView+LBXAlertAction.m */; };
		042C70371EC452340035A912 /* LBXAlertAction.m in Sources */ = {isa = PBXBuildFile; fileRef = 042C701E1EC452340035A912 /* LBXAlertAction.m */; };
		042C70381EC452340035A912 /* LBXScanLineAnimation.m in Sources */ = {isa = PBXBuildFile; fileRef = 042C70201EC452340035A912 /* LBXScanLineAnimation.m */; };
		042C70391EC452340035A912 /* LBXScanNative.m in Sources */ = {isa = PBXBuildFile; fileRef = 042C70221EC452340035A912 /* LBXScanNative.m */; };
		042C703A1EC452340035A912 /* LBXScanNetAnimation.m in Sources */ = {isa = PBXBuildFile; fileRef = 042C70241EC452340035A912 /* LBXScanNetAnimation.m */; };
		042C703B1EC452340035A912 /* LBXScanResult.m in Sources */ = {isa = PBXBuildFile; fileRef = 042C70261EC452340035A912 /* LBXScanResult.m */; };
		042C703C1EC452340035A912 /* LBXScanView.m in Sources */ = {isa = PBXBuildFile; fileRef = 042C70281EC452340035A912 /* LBXScanView.m */; };
		042C703D1EC452340035A912 /* LBXScanViewController.m in Sources */ = {isa = PBXBuildFile; fileRef = 042C702A1EC452340035A912 /* LBXScanViewController.m */; };
		042C703E1EC452340035A912 /* LBXScanViewStyle.m in Sources */ = {isa = PBXBuildFile; fileRef = 042C702C1EC452340035A912 /* LBXScanViewStyle.m */; };
		042C703F1EC452340035A912 /* LBXScanWrapper.m in Sources */ = {isa = PBXBuildFile; fileRef = 042C702E1EC452340035A912 /* LBXScanWrapper.m */; };
		042C70401EC452340035A912 /* LBXZXCapture.m in Sources */ = {isa = PBXBuildFile; fileRef = 042C70301EC452340035A912 /* LBXZXCapture.m */; };
		042C70411EC452340035A912 /* ZXingWrapper.m in Sources */ = {isa = PBXBuildFile; fileRef = 042C70331EC452340035A912 /* ZXingWrapper.m */; };
		045B01051EB9C69F00107CC2 /* main.m in Sources */ = {isa = PBXBuildFile; fileRef = 045B01041EB9C69F00107CC2 /* main.m */; };
		045B01081EB9C69F00107CC2 /* AppDelegate.m in Sources */ = {isa = PBXBuildFile; fileRef = 045B01071EB9C69F00107CC2 /* AppDelegate.m */; };
		045B010B1EB9C69F00107CC2 /* ViewController.m in Sources */ = {isa = PBXBuildFile; fileRef = 045B010A1EB9C69F00107CC2 /* ViewController.m */; };
		045B010E1EB9C69F00107CC2 /* Main.storyboard in Resources */ = {isa = PBXBuildFile; fileRef = 045B010C1EB9C69F00107CC2 /* Main.storyboard */; };
		045B01111EB9C69F00107CC2 /* HuiDian.xcdatamodeld in Sources */ = {isa = PBXBuildFile; fileRef = 045B010F1EB9C69F00107CC2 /* HuiDian.xcdatamodeld */; };
		045B01131EB9C69F00107CC2 /* Assets.xcassets in Resources */ = {isa = PBXBuildFile; fileRef = 045B01121EB9C69F00107CC2 /* Assets.xcassets */; };
		045B01161EB9C69F00107CC2 /* LaunchScreen.storyboard in Resources */ = {isa = PBXBuildFile; fileRef = 045B01141EB9C69F00107CC2 /* LaunchScreen.storyboard */; };
		045B01211EB9C6A000107CC2 /* HuiDianTests.m in Sources */ = {isa = PBXBuildFile; fileRef = 045B01201EB9C6A000107CC2 /* HuiDianTests.m */; };
		045B012C1EB9C6A000107CC2 /* HuiDianUITests.m in Sources */ = {isa = PBXBuildFile; fileRef = 045B012B1EB9C6A000107CC2 /* HuiDianUITests.m */; };
		04614A381EC164420056951B /* ForgetPasswordViewController.m in Sources */ = {isa = PBXBuildFile; fileRef = 04614A361EC164420056951B /* ForgetPasswordViewController.m */; };
		04614A391EC164420056951B /* ForgetPasswordViewController.xib in Resources */ = {isa = PBXBuildFile; fileRef = 04614A371EC164420056951B /* ForgetPasswordViewController.xib */; };
		04614A3D1EC1A2B60056951B /* RegisterViewController.m in Sources */ = {isa = PBXBuildFile; fileRef = 04614A3B1EC1A2B60056951B /* RegisterViewController.m */; };
		04614A3E1EC1A2B60056951B /* RegisterViewController.xib in Resources */ = {isa = PBXBuildFile; fileRef = 04614A3C1EC1A2B60056951B /* RegisterViewController.xib */; };
		04614A471EC1ADC10056951B /* MineViewController.m in Sources */ = {isa = PBXBuildFile; fileRef = 04614A461EC1ADC10056951B /* MineViewController.m */; };
		04614A4B1EC1B4010056951B /* MineTableViewCell.m in Sources */ = {isa = PBXBuildFile; fileRef = 04614A491EC1B4010056951B /* MineTableViewCell.m */; };
		04614A4C1EC1B4010056951B /* MineTableViewCell.xib in Resources */ = {isa = PBXBuildFile; fileRef = 04614A4A1EC1B4010056951B /* MineTableViewCell.xib */; };
		04614A4E1EC1B8080056951B /* Mine.xcassets in Resources */ = {isa = PBXBuildFile; fileRef = 04614A4D1EC1B8080056951B /* Mine.xcassets */; };
		04614A531EC1BE0F0056951B /* WalletDynamicViewController.m in Sources */ = {isa = PBXBuildFile; fileRef = 04614A511EC1BE0F0056951B /* WalletDynamicViewController.m */; };
		04614A541EC1BE0F0056951B /* WalletDynamicViewController.xib in Resources */ = {isa = PBXBuildFile; fileRef = 04614A521EC1BE0F0056951B /* WalletDynamicViewController.xib */; };
		04614A571EC1C4930056951B /* WalletView1.m in Sources */ = {isa = PBXBuildFile; fileRef = 04614A561EC1C4930056951B /* WalletView1.m */; };
		04614A591EC1C49F0056951B /* WalletView1.xib in Resources */ = {isa = PBXBuildFile; fileRef = 04614A581EC1C49F0056951B /* WalletView1.xib */; };
		04614A5D1EC1C58B0056951B /* WalletDynammicTableViewCell.m in Sources */ = {isa = PBXBuildFile; fileRef = 04614A5B1EC1C58B0056951B /* WalletDynammicTableViewCell.m */; };
		04614A5E1EC1C58B0056951B /* WalletDynammicTableViewCell.xib in Resources */ = {isa = PBXBuildFile; fileRef = 04614A5C1EC1C58B0056951B /* WalletDynammicTableViewCell.xib */; };
		04614A621EC1C6E50056951B /* WalletDynamicOtherTableViewCell.m in Sources */ = {isa = PBXBuildFile; fileRef = 04614A601EC1C6E50056951B /* WalletDynamicOtherTableViewCell.m */; };
		04614A631EC1C6E50056951B /* WalletDynamicOtherTableViewCell.xib in Resources */ = {isa = PBXBuildFile; fileRef = 04614A611EC1C6E50056951B /* WalletDynamicOtherTableViewCell.xib */; };
		04614A661EC1C8670056951B /* WalletView2.m in Sources */ = {isa = PBXBuildFile; fileRef = 04614A651EC1C8670056951B /* WalletView2.m */; };
		04614A681EC1C8720056951B /* WalletView2.xib in Resources */ = {isa = PBXBuildFile; fileRef = 04614A671EC1C8720056951B /* WalletView2.xib */; };
		04614A6B1EC1C8C80056951B /* WalletView3.m in Sources */ = {isa = PBXBuildFile; fileRef = 04614A6A1EC1C8C80056951B /* WalletView3.m */; };
		04614A6D1EC1C8D30056951B /* WalletView3.xib in Resources */ = {isa = PBXBuildFile; fileRef = 04614A6C1EC1C8D30056951B /* WalletView3.xib */; };
		04AD5C1D1EBB089600BD83D1 /* Login.storyboard in Resources */ = {isa = PBXBuildFile; fileRef = 04AD5C1C1EBB089600BD83D1 /* Login.storyboard */; };
		04AD5C461EBB0A1C00BD83D1 /* AutoScroller.m in Sources */ = {isa = PBXBuildFile; fileRef = 04AD5C201EBB0A1C00BD83D1 /* AutoScroller.m */; };
		04AD5C471EBB0A1C00BD83D1 /* HomebannerDefault.jpg in Resources */ = {isa = PBXBuildFile; fileRef = 04AD5C211EBB0A1C00BD83D1 /* HomebannerDefault.jpg */; };
		04AD5C481EBB0A1C00BD83D1 /* 213955937960616.cer in Resources */ = {isa = PBXBuildFile; fileRef = 04AD5C231EBB0A1C00BD83D1 /* 213955937960616.cer */; };
		04AD5C491EBB0A1C00BD83D1 /* BaseHttpClient.m in Sources */ = {isa = PBXBuildFile; fileRef = 04AD5C251EBB0A1C00BD83D1 /* BaseHttpClient.m */; };
		04AD5C4A1EBB0A1C00BD83D1 /* HttpClient.m in Sources */ = {isa = PBXBuildFile; fileRef = 04AD5C271EBB0A1C00BD83D1 /* HttpClient.m */; };
		04AD5C4B1EBB0A1C00BD83D1 /* HttpClient_Readme.txt in Resources */ = {isa = PBXBuildFile; fileRef = 04AD5C281EBB0A1C00BD83D1 /* HttpClient_Readme.txt */; };
		04AD5C4C1EBB0A1C00BD83D1 /* HttpClientAlertViewHelper.m in Sources */ = {isa = PBXBuildFile; fileRef = 04AD5C2A1EBB0A1C00BD83D1 /* HttpClientAlertViewHelper.m */; };
		04AD5C4D1EBB0A1C00BD83D1 /* JAlertViewHelper.m in Sources */ = {isa = PBXBuildFile; fileRef = 04AD5C2E1EBB0A1C00BD83D1 /* JAlertViewHelper.m */; };
		04AD5C4F1EBB0A1C00BD83D1 /* merchantHeader.jpg in Resources */ = {isa = PBXBuildFile; fileRef = 04AD5C311EBB0A1C00BD83D1 /* merchantHeader.jpg */; };
		04AD5C501EBB0A1C00BD83D1 /* NothingView.m in Sources */ = {isa = PBXBuildFile; fileRef = 04AD5C331EBB0A1C00BD83D1 /* NothingView.m */; };
		04AD5C511EBB0A1C00BD83D1 /* NothingView.xib in Resources */ = {isa = PBXBuildFile; fileRef = 04AD5C341EBB0A1C00BD83D1 /* NothingView.xib */; };
		04AD5C521EBB0A1C00BD83D1 /* Public.xcassets in Resources */ = {isa = PBXBuildFile; fileRef = 04AD5C351EBB0A1C00BD83D1 /* Public.xcassets */; };
		04AD5C531EBB0A1C00BD83D1 /* ShellCoinPageControlView.m in Sources */ = {isa = PBXBuildFile; fileRef = 04AD5C371EBB0A1C00BD83D1 /* ShellCoinPageControlView.m */; };
		04AD5C541EBB0A1C00BD83D1 /* SortButtonSwitchView.m in Sources */ = {isa = PBXBuildFile; fileRef = 04AD5C391EBB0A1C00BD83D1 /* SortButtonSwitchView.m */; };
		04AD5C551EBB0A1C00BD83D1 /* SwipeView.m in Sources */ = {isa = PBXBuildFile; fileRef = 04AD5C3B1EBB0A1C00BD83D1 /* SwipeView.m */; };
		04AD5C561EBB0A1C00BD83D1 /* UIImage+ColorImage.m in Sources */ = {isa = PBXBuildFile; fileRef = 04AD5C3D1EBB0A1C00BD83D1 /* UIImage+ColorImage.m */; };
		04AD5C571EBB0A1C00BD83D1 /* UILabel+StringFrame.m in Sources */ = {isa = PBXBuildFile; fileRef = 04AD5C3F1EBB0A1C00BD83D1 /* UILabel+StringFrame.m */; };
		04AD5C581EBB0A1C00BD83D1 /* UIScrollView+NoDataSouce.m in Sources */ = {isa = PBXBuildFile; fileRef = 04AD5C411EBB0A1C00BD83D1 /* UIScrollView+NoDataSouce.m */; };
		04AD5C591EBB0A1C00BD83D1 /* Verify.m in Sources */ = {isa = PBXBuildFile; fileRef = 04AD5C431EBB0A1C00BD83D1 /* Verify.m */; };
		04AD5C6F1EBB0B3500BD83D1 /* BaseCollectionViewCell.m in Sources */ = {isa = PBXBuildFile; fileRef = 04AD5C5F1EBB0B3500BD83D1 /* BaseCollectionViewCell.m */; };
		04AD5C701EBB0B3500BD83D1 /* BaseHtmlViewController.m in Sources */ = {isa = PBXBuildFile; fileRef = 04AD5C611EBB0B3500BD83D1 /* BaseHtmlViewController.m */; };
		04AD5C711EBB0B3500BD83D1 /* BaseModel.m in Sources */ = {isa = PBXBuildFile; fileRef = 04AD5C631EBB0B3500BD83D1 /* BaseModel.m */; };
		04AD5C721EBB0B3500BD83D1 /* BaseNavigationBar.m in Sources */ = {isa = PBXBuildFile; fileRef = 04AD5C651EBB0B3500BD83D1 /* BaseNavigationBar.m */; };
		04AD5C731EBB0B3500BD83D1 /* BaseNavigationBar.xib in Resources */ = {isa = PBXBuildFile; fileRef = 04AD5C661EBB0B3500BD83D1 /* BaseNavigationBar.xib */; };
		04AD5C741EBB0B3500BD83D1 /* BaseTableViewCell.m in Sources */ = {isa = PBXBuildFile; fileRef = 04AD5C681EBB0B3500BD83D1 /* BaseTableViewCell.m */; };
		04AD5C751EBB0B3500BD83D1 /* BaseViewController.m in Sources */ = {isa = PBXBuildFile; fileRef = 04AD5C6A1EBB0B3500BD83D1 /* BaseViewController.m */; };
		04AD5C761EBB0B3500BD83D1 /* LocationManager.m in Sources */ = {isa = PBXBuildFile; fileRef = 04AD5C6C1EBB0B3500BD83D1 /* LocationManager.m */; };
		04AD5C771EBB0B3500BD83D1 /* HDUserInfo.m in Sources */ = {isa = PBXBuildFile; fileRef = 04AD5C6E1EBB0B3500BD83D1 /* HDUserInfo.m */; };
		04AD5CD01EBB0BE800BD83D1 /* Colours.m in Sources */ = {isa = PBXBuildFile; fileRef = 04AD5CCF1EBB0BE800BD83D1 /* Colours.m */; };
		04AD5CD31EBB0CF000BD83D1 /* LoginViewController.m in Sources */ = {isa = PBXBuildFile; fileRef = 04AD5CD21EBB0CF000BD83D1 /* LoginViewController.m */; };
		04ED913A1EC2C0B9009384FF /* BillDataModel.m in Sources */ = {isa = PBXBuildFile; fileRef = 04ED91391EC2C0B9009384FF /* BillDataModel.m */; };
		19CD85CA087D866FE6D97C86 /* libPods-HuiDian.a in Frameworks */ = {isa = PBXBuildFile; fileRef = 1FC637FEF786F01FE4D2EC06 /* libPods-HuiDian.a */; };
/* End PBXBuildFile section */

/* Begin PBXContainerItemProxy section */
		045B011D1EB9C6A000107CC2 /* PBXContainerItemProxy */ = {
			isa = PBXContainerItemProxy;
			containerPortal = 045B00F81EB9C69F00107CC2 /* Project object */;
			proxyType = 1;
			remoteGlobalIDString = 045B00FF1EB9C69F00107CC2;
			remoteInfo = HuiDian;
		};
		045B01281EB9C6A000107CC2 /* PBXContainerItemProxy */ = {
			isa = PBXContainerItemProxy;
			containerPortal = 045B00F81EB9C69F00107CC2 /* Project object */;
			proxyType = 1;
			remoteGlobalIDString = 045B00FF1EB9C69F00107CC2;
			remoteInfo = HuiDian;
		};
/* End PBXContainerItemProxy section */

/* Begin PBXFileReference section */
		040FECF91EC552E000CE0BC7 /* EditPasswordViewController.h */ = {isa = PBXFileReference; fileEncoding = 4; lastKnownFileType = sourcecode.c.h; path = EditPasswordViewController.h; sourceTree = "<group>"; };
		040FECFA1EC552E000CE0BC7 /* EditPasswordViewController.m */ = {isa = PBXFileReference; fileEncoding = 4; lastKnownFileType = sourcecode.c.objc; path = EditPasswordViewController.m; sourceTree = "<group>"; };
		040FECFB1EC552E000CE0BC7 /* EditPasswordViewController.xib */ = {isa = PBXFileReference; fileEncoding = 4; lastKnownFileType = file.xib; path = EditPasswordViewController.xib; sourceTree = "<group>"; };
		040FECFF1EC559EB00CE0BC7 /* AdressListViewController.h */ = {isa = PBXFileReference; fileEncoding = 4; lastKnownFileType = sourcecode.c.h; path = AdressListViewController.h; sourceTree = "<group>"; };
		040FED001EC559EB00CE0BC7 /* AdressListViewController.m */ = {isa = PBXFileReference; fileEncoding = 4; lastKnownFileType = sourcecode.c.objc; path = AdressListViewController.m; sourceTree = "<group>"; };
		040FED011EC559EB00CE0BC7 /* AdressListViewController.xib */ = {isa = PBXFileReference; fileEncoding = 4; lastKnownFileType = file.xib; path = AdressListViewController.xib; sourceTree = "<group>"; };
		040FED041EC55A6200CE0BC7 /* ShippingAlerTableViewCell.h */ = {isa = PBXFileReference; fileEncoding = 4; lastKnownFileType = sourcecode.c.h; path = ShippingAlerTableViewCell.h; sourceTree = "<group>"; };
		040FED051EC55A6200CE0BC7 /* ShippingAlerTableViewCell.m */ = {isa = PBXFileReference; fileEncoding = 4; lastKnownFileType = sourcecode.c.objc; path = ShippingAlerTableViewCell.m; sourceTree = "<group>"; };
		040FED061EC55A6200CE0BC7 /* ShippingAlerTableViewCell.xib */ = {isa = PBXFileReference; fileEncoding = 4; lastKnownFileType = file.xib; path = ShippingAlerTableViewCell.xib; sourceTree = "<group>"; };
		040FED091EC55B6100CE0BC7 /* ShippingALTableViewCell.h */ = {isa = PBXFileReference; fileEncoding = 4; lastKnownFileType = sourcecode.c.h; path = ShippingALTableViewCell.h; sourceTree = "<group>"; };
		040FED0A1EC55B6100CE0BC7 /* ShippingALTableViewCell.m */ = {isa = PBXFileReference; fileEncoding = 4; lastKnownFileType = sourcecode.c.objc; path = ShippingALTableViewCell.m; sourceTree = "<group>"; };
		040FED0B1EC55B6100CE0BC7 /* ShippingALTableViewCell.xib */ = {isa = PBXFileReference; fileEncoding = 4; lastKnownFileType = file.xib; path = ShippingALTableViewCell.xib; sourceTree = "<group>"; };
		040FED0E1EC5603600CE0BC7 /* EditShippingAddressViewController.h */ = {isa = PBXFileReference; fileEncoding = 4; lastKnownFileType = sourcecode.c.h; path = EditShippingAddressViewController.h; sourceTree = "<group>"; };
		040FED0F1EC5603600CE0BC7 /* EditShippingAddressViewController.m */ = {isa = PBXFileReference; fileEncoding = 4; lastKnownFileType = sourcecode.c.objc; path = EditShippingAddressViewController.m; sourceTree = "<group>"; };
		040FED101EC5603600CE0BC7 /* EditShippingAddressViewController.xib */ = {isa = PBXFileReference; fileEncoding = 4; lastKnownFileType = file.xib; path = EditShippingAddressViewController.xib; sourceTree = "<group>"; };
		040FED131EC5633600CE0BC7 /* PSCityPickerView.h */ = {isa = PBXFileReference; fileEncoding = 4; lastKnownFileType = sourcecode.c.h; path = PSCityPickerView.h; sourceTree = "<group>"; };
		040FED141EC5633600CE0BC7 /* PSCityPickerView.m */ = {isa = PBXFileReference; fileEncoding = 4; lastKnownFileType = sourcecode.c.objc; path = PSCityPickerView.m; sourceTree = "<group>"; };
		040FED161EC5668500CE0BC7 /* city.plist */ = {isa = PBXFileReference; fileEncoding = 4; lastKnownFileType = text.plist.xml; path = city.plist; sourceTree = "<group>"; };
		040FED191EC5886900CE0BC7 /* BankCardManageViewController.h */ = {isa = PBXFileReference; fileEncoding = 4; lastKnownFileType = sourcecode.c.h; path = BankCardManageViewController.h; sourceTree = "<group>"; };
		040FED1A1EC5886900CE0BC7 /* BankCardManageViewController.m */ = {isa = PBXFileReference; fileEncoding = 4; lastKnownFileType = sourcecode.c.objc; path = BankCardManageViewController.m; sourceTree = "<group>"; };
		040FED1B1EC5886900CE0BC7 /* BankCardManageViewController.xib */ = {isa = PBXFileReference; fileEncoding = 4; lastKnownFileType = file.xib; path = BankCardManageViewController.xib; sourceTree = "<group>"; };
		040FED1E1EC58B6C00CE0BC7 /* BankCardTableViewCell.h */ = {isa = PBXFileReference; fileEncoding = 4; lastKnownFileType = sourcecode.c.h; path = BankCardTableViewCell.h; sourceTree = "<group>"; };
		040FED1F1EC58B6C00CE0BC7 /* BankCardTableViewCell.m */ = {isa = PBXFileReference; fileEncoding = 4; lastKnownFileType = sourcecode.c.objc; path = BankCardTableViewCell.m; sourceTree = "<group>"; };
		040FED201EC58B6C00CE0BC7 /* BankCardTableViewCell.xib */ = {isa = PBXFileReference; fileEncoding = 4; lastKnownFileType = file.xib; path = BankCardTableViewCell.xib; sourceTree = "<group>"; };
		040FED231EC5A3D500CE0BC7 /* BankPickView.h */ = {isa = PBXFileReference; fileEncoding = 4; lastKnownFileType = sourcecode.c.h; path = BankPickView.h; sourceTree = "<group>"; };
		040FED241EC5A3D500CE0BC7 /* BankPickView.m */ = {isa = PBXFileReference; fileEncoding = 4; lastKnownFileType = sourcecode.c.objc; path = BankPickView.m; sourceTree = "<group>"; };
		041C7CD51EBC16F90084D2D4 /* Base.xcassets */ = {isa = PBXFileReference; lastKnownFileType = folder.assetcatalog; path = Base.xcassets; sourceTree = "<group>"; };
		041C7CD71EBC17720084D2D4 /* Login.xcassets */ = {isa = PBXFileReference; lastKnownFileType = folder.assetcatalog; path = Login.xcassets; sourceTree = "<group>"; };
		042C6FB61EC405390035A912 /* NSTimer+timerBlock.h */ = {isa = PBXFileReference; fileEncoding = 4; lastKnownFileType = sourcecode.c.h; path = "NSTimer+timerBlock.h"; sourceTree = "<group>"; };
		042C6FB71EC405390035A912 /* NSTimer+timerBlock.m */ = {isa = PBXFileReference; fileEncoding = 4; lastKnownFileType = sourcecode.c.objc; path = "NSTimer+timerBlock.m"; sourceTree = "<group>"; };
		042C6FB81EC405390035A912 /* ZZCircleProgress.bundle */ = {isa = PBXFileReference; lastKnownFileType = "wrapper.plug-in"; path = ZZCircleProgress.bundle; sourceTree = "<group>"; };
		042C6FB91EC405390035A912 /* ZZCircleProgress.h */ = {isa = PBXFileReference; fileEncoding = 4; lastKnownFileType = sourcecode.c.h; path = ZZCircleProgress.h; sourceTree = "<group>"; };
		042C6FBA1EC405390035A912 /* ZZCircleProgress.m */ = {isa = PBXFileReference; fileEncoding = 4; lastKnownFileType = sourcecode.c.objc; path = ZZCircleProgress.m; sourceTree = "<group>"; };
		042C6FBF1EC438DA0035A912 /* SetViewController.h */ = {isa = PBXFileReference; fileEncoding = 4; lastKnownFileType = sourcecode.c.h; path = SetViewController.h; sourceTree = "<group>"; };
		042C6FC01EC438DA0035A912 /* SetViewController.m */ = {isa = PBXFileReference; fileEncoding = 4; lastKnownFileType = sourcecode.c.objc; path = SetViewController.m; sourceTree = "<group>"; };
		042C6FC11EC438DA0035A912 /* SetViewController.xib */ = {isa = PBXFileReference; fileEncoding = 4; lastKnownFileType = file.xib; path = SetViewController.xib; sourceTree = "<group>"; };
		042C6FC51EC444F30035A912 /* RealNameSetViewController.h */ = {isa = PBXFileReference; fileEncoding = 4; lastKnownFileType = sourcecode.c.h; path = RealNameSetViewController.h; sourceTree = "<group>"; };
		042C6FC61EC444F30035A912 /* RealNameSetViewController.m */ = {isa = PBXFileReference; fileEncoding = 4; lastKnownFileType = sourcecode.c.objc; path = RealNameSetViewController.m; sourceTree = "<group>"; };
		042C6FC71EC444F30035A912 /* RealNameSetViewController.xib */ = {isa = PBXFileReference; fileEncoding = 4; lastKnownFileType = file.xib; path = RealNameSetViewController.xib; sourceTree = "<group>"; };
		042C70161EC452340035A912 /* CodeScan.bundle */ = {isa = PBXFileReference; lastKnownFileType = "wrapper.plug-in"; path = CodeScan.bundle; sourceTree = "<group>"; };
		042C70191EC452340035A912 /* UIActionSheet+LBXAlertAction.h */ = {isa = PBXFileReference; fileEncoding = 4; lastKnownFileType = sourcecode.c.h; path = "UIActionSheet+LBXAlertAction.h"; sourceTree = "<group>"; };
		042C701A1EC452340035A912 /* UIActionSheet+LBXAlertAction.m */ = {isa = PBXFileReference; fileEncoding = 4; lastKnownFileType = sourcecode.c.objc; path = "UIActionSheet+LBXAlertAction.m"; sourceTree = "<group>"; };
		042C701B1EC452340035A912 /* UIAlertView+LBXAlertAction.h */ = {isa = PBXFileReference; fileEncoding = 4; lastKnownFileType = sourcecode.c.h; path = "UIAlertView+LBXAlertAction.h"; sourceTree = "<group>"; };
		042C701C1EC452340035A912 /* UIAlertView+LBXAlertAction.m */ = {isa = PBXFileReference; fileEncoding = 4; lastKnownFileType = sourcecode.c.objc; path = "UIAlertView+LBXAlertAction.m"; sourceTree = "<group>"; };
		042C701D1EC452340035A912 /* LBXAlertAction.h */ = {isa = PBXFileReference; fileEncoding = 4; lastKnownFileType = sourcecode.c.h; path = LBXAlertAction.h; sourceTree = "<group>"; };
		042C701E1EC452340035A912 /* LBXAlertAction.m */ = {isa = PBXFileReference; fileEncoding = 4; lastKnownFileType = sourcecode.c.objc; path = LBXAlertAction.m; sourceTree = "<group>"; };
		042C701F1EC452340035A912 /* LBXScanLineAnimation.h */ = {isa = PBXFileReference; fileEncoding = 4; lastKnownFileType = sourcecode.c.h; path = LBXScanLineAnimation.h; sourceTree = "<group>"; };
		042C70201EC452340035A912 /* LBXScanLineAnimation.m */ = {isa = PBXFileReference; fileEncoding = 4; lastKnownFileType = sourcecode.c.objc; path = LBXScanLineAnimation.m; sourceTree = "<group>"; };
		042C70211EC452340035A912 /* LBXScanNative.h */ = {isa = PBXFileReference; fileEncoding = 4; lastKnownFileType = sourcecode.c.h; path = LBXScanNative.h; sourceTree = "<group>"; };
		042C70221EC452340035A912 /* LBXScanNative.m */ = {isa = PBXFileReference; fileEncoding = 4; lastKnownFileType = sourcecode.c.objc; path = LBXScanNative.m; sourceTree = "<group>"; };
		042C70231EC452340035A912 /* LBXScanNetAnimation.h */ = {isa = PBXFileReference; fileEncoding = 4; lastKnownFileType = sourcecode.c.h; path = LBXScanNetAnimation.h; sourceTree = "<group>"; };
		042C70241EC452340035A912 /* LBXScanNetAnimation.m */ = {isa = PBXFileReference; fileEncoding = 4; lastKnownFileType = sourcecode.c.objc; path = LBXScanNetAnimation.m; sourceTree = "<group>"; };
		042C70251EC452340035A912 /* LBXScanResult.h */ = {isa = PBXFileReference; fileEncoding = 4; lastKnownFileType = sourcecode.c.h; path = LBXScanResult.h; sourceTree = "<group>"; };
		042C70261EC452340035A912 /* LBXScanResult.m */ = {isa = PBXFileReference; fileEncoding = 4; lastKnownFileType = sourcecode.c.objc; path = LBXScanResult.m; sourceTree = "<group>"; };
		042C70271EC452340035A912 /* LBXScanView.h */ = {isa = PBXFileReference; fileEncoding = 4; lastKnownFileType = sourcecode.c.h; path = LBXScanView.h; sourceTree = "<group>"; };
		042C70281EC452340035A912 /* LBXScanView.m */ = {isa = PBXFileReference; fileEncoding = 4; lastKnownFileType = sourcecode.c.objc; path = LBXScanView.m; sourceTree = "<group>"; };
		042C70291EC452340035A912 /* LBXScanViewController.h */ = {isa = PBXFileReference; fileEncoding = 4; lastKnownFileType = sourcecode.c.h; path = LBXScanViewController.h; sourceTree = "<group>"; };
		042C702A1EC452340035A912 /* LBXScanViewController.m */ = {isa = PBXFileReference; fileEncoding = 4; lastKnownFileType = sourcecode.c.objc; path = LBXScanViewController.m; sourceTree = "<group>"; };
		042C702B1EC452340035A912 /* LBXScanViewStyle.h */ = {isa = PBXFileReference; fileEncoding = 4; lastKnownFileType = sourcecode.c.h; path = LBXScanViewStyle.h; sourceTree = "<group>"; };
		042C702C1EC452340035A912 /* LBXScanViewStyle.m */ = {isa = PBXFileReference; fileEncoding = 4; lastKnownFileType = sourcecode.c.objc; path = LBXScanViewStyle.m; sourceTree = "<group>"; };
		042C702D1EC452340035A912 /* LBXScanWrapper.h */ = {isa = PBXFileReference; fileEncoding = 4; lastKnownFileType = sourcecode.c.h; path = LBXScanWrapper.h; sourceTree = "<group>"; };
		042C702E1EC452340035A912 /* LBXScanWrapper.m */ = {isa = PBXFileReference; fileEncoding = 4; lastKnownFileType = sourcecode.c.objc; path = LBXScanWrapper.m; sourceTree = "<group>"; };
		042C702F1EC452340035A912 /* LBXZXCapture.h */ = {isa = PBXFileReference; fileEncoding = 4; lastKnownFileType = sourcecode.c.h; path = LBXZXCapture.h; sourceTree = "<group>"; };
		042C70301EC452340035A912 /* LBXZXCapture.m */ = {isa = PBXFileReference; fileEncoding = 4; lastKnownFileType = sourcecode.c.objc; path = LBXZXCapture.m; sourceTree = "<group>"; };
		042C70311EC452340035A912 /* LBXZXCaptureDelegate.h */ = {isa = PBXFileReference; fileEncoding = 4; lastKnownFileType = sourcecode.c.h; path = LBXZXCaptureDelegate.h; sourceTree = "<group>"; };
		042C70321EC452340035A912 /* ZXingWrapper.h */ = {isa = PBXFileReference; fileEncoding = 4; lastKnownFileType = sourcecode.c.h; path = ZXingWrapper.h; sourceTree = "<group>"; };
		042C70331EC452340035A912 /* ZXingWrapper.m */ = {isa = PBXFileReference; fileEncoding = 4; lastKnownFileType = sourcecode.c.objc; path = ZXingWrapper.m; sourceTree = "<group>"; };
		045B01001EB9C69F00107CC2 /* HuiDian.app */ = {isa = PBXFileReference; explicitFileType = wrapper.application; includeInIndex = 0; path = HuiDian.app; sourceTree = BUILT_PRODUCTS_DIR; };
		045B01041EB9C69F00107CC2 /* main.m */ = {isa = PBXFileReference; lastKnownFileType = sourcecode.c.objc; path = main.m; sourceTree = "<group>"; };
		045B01061EB9C69F00107CC2 /* AppDelegate.h */ = {isa = PBXFileReference; lastKnownFileType = sourcecode.c.h; path = AppDelegate.h; sourceTree = "<group>"; };
		045B01071EB9C69F00107CC2 /* AppDelegate.m */ = {isa = PBXFileReference; lastKnownFileType = sourcecode.c.objc; path = AppDelegate.m; sourceTree = "<group>"; };
		045B01091EB9C69F00107CC2 /* ViewController.h */ = {isa = PBXFileReference; lastKnownFileType = sourcecode.c.h; path = ViewController.h; sourceTree = "<group>"; };
		045B010A1EB9C69F00107CC2 /* ViewController.m */ = {isa = PBXFileReference; lastKnownFileType = sourcecode.c.objc; path = ViewController.m; sourceTree = "<group>"; };
		045B010D1EB9C69F00107CC2 /* Base */ = {isa = PBXFileReference; lastKnownFileType = file.storyboard; name = Base; path = Base.lproj/Main.storyboard; sourceTree = "<group>"; };
		045B01101EB9C69F00107CC2 /* HuiDian.xcdatamodel */ = {isa = PBXFileReference; lastKnownFileType = wrapper.xcdatamodel; path = HuiDian.xcdatamodel; sourceTree = "<group>"; };
		045B01121EB9C69F00107CC2 /* Assets.xcassets */ = {isa = PBXFileReference; lastKnownFileType = folder.assetcatalog; path = Assets.xcassets; sourceTree = "<group>"; };
		045B01151EB9C69F00107CC2 /* Base */ = {isa = PBXFileReference; lastKnownFileType = file.storyboard; name = Base; path = Base.lproj/LaunchScreen.storyboard; sourceTree = "<group>"; };
		045B01171EB9C69F00107CC2 /* Info.plist */ = {isa = PBXFileReference; lastKnownFileType = text.plist.xml; path = Info.plist; sourceTree = "<group>"; };
		045B011C1EB9C6A000107CC2 /* HuiDianTests.xctest */ = {isa = PBXFileReference; explicitFileType = wrapper.cfbundle; includeInIndex = 0; path = HuiDianTests.xctest; sourceTree = BUILT_PRODUCTS_DIR; };
		045B01201EB9C6A000107CC2 /* HuiDianTests.m */ = {isa = PBXFileReference; lastKnownFileType = sourcecode.c.objc; path = HuiDianTests.m; sourceTree = "<group>"; };
		045B01221EB9C6A000107CC2 /* Info.plist */ = {isa = PBXFileReference; lastKnownFileType = text.plist.xml; path = Info.plist; sourceTree = "<group>"; };
		045B01271EB9C6A000107CC2 /* HuiDianUITests.xctest */ = {isa = PBXFileReference; explicitFileType = wrapper.cfbundle; includeInIndex = 0; path = HuiDianUITests.xctest; sourceTree = BUILT_PRODUCTS_DIR; };
		045B012B1EB9C6A000107CC2 /* HuiDianUITests.m */ = {isa = PBXFileReference; lastKnownFileType = sourcecode.c.objc; path = HuiDianUITests.m; sourceTree = "<group>"; };
		045B012D1EB9C6A000107CC2 /* Info.plist */ = {isa = PBXFileReference; lastKnownFileType = text.plist.xml; path = Info.plist; sourceTree = "<group>"; };
		04614A351EC164420056951B /* ForgetPasswordViewController.h */ = {isa = PBXFileReference; fileEncoding = 4; lastKnownFileType = sourcecode.c.h; path = ForgetPasswordViewController.h; sourceTree = "<group>"; };
		04614A361EC164420056951B /* ForgetPasswordViewController.m */ = {isa = PBXFileReference; fileEncoding = 4; lastKnownFileType = sourcecode.c.objc; path = ForgetPasswordViewController.m; sourceTree = "<group>"; };
		04614A371EC164420056951B /* ForgetPasswordViewController.xib */ = {isa = PBXFileReference; fileEncoding = 4; lastKnownFileType = file.xib; path = ForgetPasswordViewController.xib; sourceTree = "<group>"; };
		04614A3A1EC1A2B60056951B /* RegisterViewController.h */ = {isa = PBXFileReference; fileEncoding = 4; lastKnownFileType = sourcecode.c.h; path = RegisterViewController.h; sourceTree = "<group>"; };
		04614A3B1EC1A2B60056951B /* RegisterViewController.m */ = {isa = PBXFileReference; fileEncoding = 4; lastKnownFileType = sourcecode.c.objc; path = RegisterViewController.m; sourceTree = "<group>"; };
		04614A3C1EC1A2B60056951B /* RegisterViewController.xib */ = {isa = PBXFileReference; fileEncoding = 4; lastKnownFileType = file.xib; path = RegisterViewController.xib; sourceTree = "<group>"; };
		04614A451EC1ADC10056951B /* MineViewController.h */ = {isa = PBXFileReference; fileEncoding = 4; lastKnownFileType = sourcecode.c.h; path = MineViewController.h; sourceTree = "<group>"; };
		04614A461EC1ADC10056951B /* MineViewController.m */ = {isa = PBXFileReference; fileEncoding = 4; lastKnownFileType = sourcecode.c.objc; path = MineViewController.m; sourceTree = "<group>"; };
		04614A481EC1B4010056951B /* MineTableViewCell.h */ = {isa = PBXFileReference; fileEncoding = 4; lastKnownFileType = sourcecode.c.h; path = MineTableViewCell.h; sourceTree = "<group>"; };
		04614A491EC1B4010056951B /* MineTableViewCell.m */ = {isa = PBXFileReference; fileEncoding = 4; lastKnownFileType = sourcecode.c.objc; path = MineTableViewCell.m; sourceTree = "<group>"; };
		04614A4A1EC1B4010056951B /* MineTableViewCell.xib */ = {isa = PBXFileReference; fileEncoding = 4; lastKnownFileType = file.xib; path = MineTableViewCell.xib; sourceTree = "<group>"; };
		04614A4D1EC1B8080056951B /* Mine.xcassets */ = {isa = PBXFileReference; lastKnownFileType = folder.assetcatalog; path = Mine.xcassets; sourceTree = "<group>"; };
		04614A501EC1BE0F0056951B /* WalletDynamicViewController.h */ = {isa = PBXFileReference; fileEncoding = 4; lastKnownFileType = sourcecode.c.h; path = WalletDynamicViewController.h; sourceTree = "<group>"; };
		04614A511EC1BE0F0056951B /* WalletDynamicViewController.m */ = {isa = PBXFileReference; fileEncoding = 4; lastKnownFileType = sourcecode.c.objc; path = WalletDynamicViewController.m; sourceTree = "<group>"; };
		04614A521EC1BE0F0056951B /* WalletDynamicViewController.xib */ = {isa = PBXFileReference; fileEncoding = 4; lastKnownFileType = file.xib; path = WalletDynamicViewController.xib; sourceTree = "<group>"; };
		04614A551EC1C4930056951B /* WalletView1.h */ = {isa = PBXFileReference; fileEncoding = 4; lastKnownFileType = sourcecode.c.h; path = WalletView1.h; sourceTree = "<group>"; };
		04614A561EC1C4930056951B /* WalletView1.m */ = {isa = PBXFileReference; fileEncoding = 4; lastKnownFileType = sourcecode.c.objc; path = WalletView1.m; sourceTree = "<group>"; };
		04614A581EC1C49F0056951B /* WalletView1.xib */ = {isa = PBXFileReference; fileEncoding = 4; lastKnownFileType = file.xib; path = WalletView1.xib; sourceTree = "<group>"; };
		04614A5A1EC1C58B0056951B /* WalletDynammicTableViewCell.h */ = {isa = PBXFileReference; fileEncoding = 4; lastKnownFileType = sourcecode.c.h; path = WalletDynammicTableViewCell.h; sourceTree = "<group>"; };
		04614A5B1EC1C58B0056951B /* WalletDynammicTableViewCell.m */ = {isa = PBXFileReference; fileEncoding = 4; lastKnownFileType = sourcecode.c.objc; path = WalletDynammicTableViewCell.m; sourceTree = "<group>"; };
		04614A5C1EC1C58B0056951B /* WalletDynammicTableViewCell.xib */ = {isa = PBXFileReference; fileEncoding = 4; lastKnownFileType = file.xib; path = WalletDynammicTableViewCell.xib; sourceTree = "<group>"; };
		04614A5F1EC1C6E50056951B /* WalletDynamicOtherTableViewCell.h */ = {isa = PBXFileReference; fileEncoding = 4; lastKnownFileType = sourcecode.c.h; path = WalletDynamicOtherTableViewCell.h; sourceTree = "<group>"; };
		04614A601EC1C6E50056951B /* WalletDynamicOtherTableViewCell.m */ = {isa = PBXFileReference; fileEncoding = 4; lastKnownFileType = sourcecode.c.objc; path = WalletDynamicOtherTableViewCell.m; sourceTree = "<group>"; };
		04614A611EC1C6E50056951B /* WalletDynamicOtherTableViewCell.xib */ = {isa = PBXFileReference; fileEncoding = 4; lastKnownFileType = file.xib; path = WalletDynamicOtherTableViewCell.xib; sourceTree = "<group>"; };
		04614A641EC1C8670056951B /* WalletView2.h */ = {isa = PBXFileReference; fileEncoding = 4; lastKnownFileType = sourcecode.c.h; path = WalletView2.h; sourceTree = "<group>"; };
		04614A651EC1C8670056951B /* WalletView2.m */ = {isa = PBXFileReference; fileEncoding = 4; lastKnownFileType = sourcecode.c.objc; path = WalletView2.m; sourceTree = "<group>"; };
		04614A671EC1C8720056951B /* WalletView2.xib */ = {isa = PBXFileReference; fileEncoding = 4; lastKnownFileType = file.xib; path = WalletView2.xib; sourceTree = "<group>"; };
		04614A691EC1C8C80056951B /* WalletView3.h */ = {isa = PBXFileReference; fileEncoding = 4; lastKnownFileType = sourcecode.c.h; path = WalletView3.h; sourceTree = "<group>"; };
		04614A6A1EC1C8C80056951B /* WalletView3.m */ = {isa = PBXFileReference; fileEncoding = 4; lastKnownFileType = sourcecode.c.objc; path = WalletView3.m; sourceTree = "<group>"; };
		04614A6C1EC1C8D30056951B /* WalletView3.xib */ = {isa = PBXFileReference; fileEncoding = 4; lastKnownFileType = file.xib; path = WalletView3.xib; sourceTree = "<group>"; };
		04AD5C1C1EBB089600BD83D1 /* Login.storyboard */ = {isa = PBXFileReference; fileEncoding = 4; lastKnownFileType = file.storyboard; path = Login.storyboard; sourceTree = "<group>"; };
		04AD5C1F1EBB0A1C00BD83D1 /* AutoScroller.h */ = {isa = PBXFileReference; fileEncoding = 4; lastKnownFileType = sourcecode.c.h; path = AutoScroller.h; sourceTree = "<group>"; };
		04AD5C201EBB0A1C00BD83D1 /* AutoScroller.m */ = {isa = PBXFileReference; fileEncoding = 4; lastKnownFileType = sourcecode.c.objc; path = AutoScroller.m; sourceTree = "<group>"; };
		04AD5C211EBB0A1C00BD83D1 /* HomebannerDefault.jpg */ = {isa = PBXFileReference; lastKnownFileType = image.jpeg; path = HomebannerDefault.jpg; sourceTree = "<group>"; };
		04AD5C231EBB0A1C00BD83D1 /* 213955937960616.cer */ = {isa = PBXFileReference; fileEncoding = 4; lastKnownFileType = text; path = 213955937960616.cer; sourceTree = "<group>"; };
		04AD5C241EBB0A1C00BD83D1 /* BaseHttpClient.h */ = {isa = PBXFileReference; fileEncoding = 4; lastKnownFileType = sourcecode.c.h; path = BaseHttpClient.h; sourceTree = "<group>"; };
		04AD5C251EBB0A1C00BD83D1 /* BaseHttpClient.m */ = {isa = PBXFileReference; fileEncoding = 4; lastKnownFileType = sourcecode.c.objc; path = BaseHttpClient.m; sourceTree = "<group>"; };
		04AD5C261EBB0A1C00BD83D1 /* HttpClient.h */ = {isa = PBXFileReference; fileEncoding = 4; lastKnownFileType = sourcecode.c.h; path = HttpClient.h; sourceTree = "<group>"; };
		04AD5C271EBB0A1C00BD83D1 /* HttpClient.m */ = {isa = PBXFileReference; fileEncoding = 4; lastKnownFileType = sourcecode.c.objc; path = HttpClient.m; sourceTree = "<group>"; };
		04AD5C281EBB0A1C00BD83D1 /* HttpClient_Readme.txt */ = {isa = PBXFileReference; fileEncoding = 4; lastKnownFileType = text; path = HttpClient_Readme.txt; sourceTree = "<group>"; };
		04AD5C291EBB0A1C00BD83D1 /* HttpClientAlertViewHelper.h */ = {isa = PBXFileReference; fileEncoding = 4; lastKnownFileType = sourcecode.c.h; path = HttpClientAlertViewHelper.h; sourceTree = "<group>"; };
		04AD5C2A1EBB0A1C00BD83D1 /* HttpClientAlertViewHelper.m */ = {isa = PBXFileReference; fileEncoding = 4; lastKnownFileType = sourcecode.c.objc; path = HttpClientAlertViewHelper.m; sourceTree = "<group>"; };
		04AD5C2B1EBB0A1C00BD83D1 /* HttpClientConstant.h */ = {isa = PBXFileReference; fileEncoding = 4; lastKnownFileType = sourcecode.c.h; path = HttpClientConstant.h; sourceTree = "<group>"; };
		04AD5C2C1EBB0A1C00BD83D1 /* NetworkRequestProtocal.h */ = {isa = PBXFileReference; fileEncoding = 4; lastKnownFileType = sourcecode.c.h; path = NetworkRequestProtocal.h; sourceTree = "<group>"; };
		04AD5C2D1EBB0A1C00BD83D1 /* JAlertViewHelper.h */ = {isa = PBXFileReference; fileEncoding = 4; lastKnownFileType = sourcecode.c.h; path = JAlertViewHelper.h; sourceTree = "<group>"; };
		04AD5C2E1EBB0A1C00BD83D1 /* JAlertViewHelper.m */ = {isa = PBXFileReference; fileEncoding = 4; lastKnownFileType = sourcecode.c.objc; path = JAlertViewHelper.m; sourceTree = "<group>"; };
		04AD5C311EBB0A1C00BD83D1 /* merchantHeader.jpg */ = {isa = PBXFileReference; lastKnownFileType = image.jpeg; path = merchantHeader.jpg; sourceTree = "<group>"; };
		04AD5C321EBB0A1C00BD83D1 /* NothingView.h */ = {isa = PBXFileReference; fileEncoding = 4; lastKnownFileType = sourcecode.c.h; path = NothingView.h; sourceTree = "<group>"; };
		04AD5C331EBB0A1C00BD83D1 /* NothingView.m */ = {isa = PBXFileReference; fileEncoding = 4; lastKnownFileType = sourcecode.c.objc; path = NothingView.m; sourceTree = "<group>"; };
		04AD5C341EBB0A1C00BD83D1 /* NothingView.xib */ = {isa = PBXFileReference; fileEncoding = 4; lastKnownFileType = file.xib; path = NothingView.xib; sourceTree = "<group>"; };
		04AD5C351EBB0A1C00BD83D1 /* Public.xcassets */ = {isa = PBXFileReference; lastKnownFileType = folder.assetcatalog; path = Public.xcassets; sourceTree = "<group>"; };
		04AD5C361EBB0A1C00BD83D1 /* ShellCoinPageControlView.h */ = {isa = PBXFileReference; fileEncoding = 4; lastKnownFileType = sourcecode.c.h; path = ShellCoinPageControlView.h; sourceTree = "<group>"; };
		04AD5C371EBB0A1C00BD83D1 /* ShellCoinPageControlView.m */ = {isa = PBXFileReference; fileEncoding = 4; lastKnownFileType = sourcecode.c.objc; path = ShellCoinPageControlView.m; sourceTree = "<group>"; };
		04AD5C381EBB0A1C00BD83D1 /* SortButtonSwitchView.h */ = {isa = PBXFileReference; fileEncoding = 4; lastKnownFileType = sourcecode.c.h; path = SortButtonSwitchView.h; sourceTree = "<group>"; };
		04AD5C391EBB0A1C00BD83D1 /* SortButtonSwitchView.m */ = {isa = PBXFileReference; fileEncoding = 4; lastKnownFileType = sourcecode.c.objc; path = SortButtonSwitchView.m; sourceTree = "<group>"; };
		04AD5C3A1EBB0A1C00BD83D1 /* SwipeView.h */ = {isa = PBXFileReference; fileEncoding = 4; lastKnownFileType = sourcecode.c.h; path = SwipeView.h; sourceTree = "<group>"; };
		04AD5C3B1EBB0A1C00BD83D1 /* SwipeView.m */ = {isa = PBXFileReference; fileEncoding = 4; lastKnownFileType = sourcecode.c.objc; path = SwipeView.m; sourceTree = "<group>"; };
		04AD5C3C1EBB0A1C00BD83D1 /* UIImage+ColorImage.h */ = {isa = PBXFileReference; fileEncoding = 4; lastKnownFileType = sourcecode.c.h; path = "UIImage+ColorImage.h"; sourceTree = "<group>"; };
		04AD5C3D1EBB0A1C00BD83D1 /* UIImage+ColorImage.m */ = {isa = PBXFileReference; fileEncoding = 4; lastKnownFileType = sourcecode.c.objc; path = "UIImage+ColorImage.m"; sourceTree = "<group>"; };
		04AD5C3E1EBB0A1C00BD83D1 /* UILabel+StringFrame.h */ = {isa = PBXFileReference; fileEncoding = 4; lastKnownFileType = sourcecode.c.h; path = "UILabel+StringFrame.h"; sourceTree = "<group>"; };
		04AD5C3F1EBB0A1C00BD83D1 /* UILabel+StringFrame.m */ = {isa = PBXFileReference; fileEncoding = 4; lastKnownFileType = sourcecode.c.objc; path = "UILabel+StringFrame.m"; sourceTree = "<group>"; };
		04AD5C401EBB0A1C00BD83D1 /* UIScrollView+NoDataSouce.h */ = {isa = PBXFileReference; fileEncoding = 4; lastKnownFileType = sourcecode.c.h; path = "UIScrollView+NoDataSouce.h"; sourceTree = "<group>"; };
		04AD5C411EBB0A1C00BD83D1 /* UIScrollView+NoDataSouce.m */ = {isa = PBXFileReference; fileEncoding = 4; lastKnownFileType = sourcecode.c.objc; path = "UIScrollView+NoDataSouce.m"; sourceTree = "<group>"; };
		04AD5C421EBB0A1C00BD83D1 /* Verify.h */ = {isa = PBXFileReference; fileEncoding = 4; lastKnownFileType = sourcecode.c.h; path = Verify.h; sourceTree = "<group>"; };
		04AD5C431EBB0A1C00BD83D1 /* Verify.m */ = {isa = PBXFileReference; fileEncoding = 4; lastKnownFileType = sourcecode.c.objc; path = Verify.m; sourceTree = "<group>"; };
		04AD5C5B1EBB0A7200BD83D1 /* PrefixHeader.pch */ = {isa = PBXFileReference; fileEncoding = 4; lastKnownFileType = sourcecode.c.h; path = PrefixHeader.pch; sourceTree = "<group>"; };
		04AD5C5C1EBB0A7D00BD83D1 /* TTXMacro.h */ = {isa = PBXFileReference; fileEncoding = 4; lastKnownFileType = sourcecode.c.h; path = TTXMacro.h; sourceTree = "<group>"; };
		04AD5C5E1EBB0B3500BD83D1 /* BaseCollectionViewCell.h */ = {isa = PBXFileReference; fileEncoding = 4; lastKnownFileType = sourcecode.c.h; path = BaseCollectionViewCell.h; sourceTree = "<group>"; };
		04AD5C5F1EBB0B3500BD83D1 /* BaseCollectionViewCell.m */ = {isa = PBXFileReference; fileEncoding = 4; lastKnownFileType = sourcecode.c.objc; path = BaseCollectionViewCell.m; sourceTree = "<group>"; };
		04AD5C601EBB0B3500BD83D1 /* BaseHtmlViewController.h */ = {isa = PBXFileReference; fileEncoding = 4; lastKnownFileType = sourcecode.c.h; path = BaseHtmlViewController.h; sourceTree = "<group>"; };
		04AD5C611EBB0B3500BD83D1 /* BaseHtmlViewController.m */ = {isa = PBXFileReference; fileEncoding = 4; lastKnownFileType = sourcecode.c.objc; path = BaseHtmlViewController.m; sourceTree = "<group>"; };
		04AD5C621EBB0B3500BD83D1 /* BaseModel.h */ = {isa = PBXFileReference; fileEncoding = 4; lastKnownFileType = sourcecode.c.h; path = BaseModel.h; sourceTree = "<group>"; };
		04AD5C631EBB0B3500BD83D1 /* BaseModel.m */ = {isa = PBXFileReference; fileEncoding = 4; lastKnownFileType = sourcecode.c.objc; path = BaseModel.m; sourceTree = "<group>"; };
		04AD5C641EBB0B3500BD83D1 /* BaseNavigationBar.h */ = {isa = PBXFileReference; fileEncoding = 4; lastKnownFileType = sourcecode.c.h; path = BaseNavigationBar.h; sourceTree = "<group>"; };
		04AD5C651EBB0B3500BD83D1 /* BaseNavigationBar.m */ = {isa = PBXFileReference; fileEncoding = 4; lastKnownFileType = sourcecode.c.objc; path = BaseNavigationBar.m; sourceTree = "<group>"; };
		04AD5C661EBB0B3500BD83D1 /* BaseNavigationBar.xib */ = {isa = PBXFileReference; fileEncoding = 4; lastKnownFileType = file.xib; path = BaseNavigationBar.xib; sourceTree = "<group>"; };
		04AD5C671EBB0B3500BD83D1 /* BaseTableViewCell.h */ = {isa = PBXFileReference; fileEncoding = 4; lastKnownFileType = sourcecode.c.h; path = BaseTableViewCell.h; sourceTree = "<group>"; };
		04AD5C681EBB0B3500BD83D1 /* BaseTableViewCell.m */ = {isa = PBXFileReference; fileEncoding = 4; lastKnownFileType = sourcecode.c.objc; path = BaseTableViewCell.m; sourceTree = "<group>"; };
		04AD5C691EBB0B3500BD83D1 /* BaseViewController.h */ = {isa = PBXFileReference; fileEncoding = 4; lastKnownFileType = sourcecode.c.h; path = BaseViewController.h; sourceTree = "<group>"; };
		04AD5C6A1EBB0B3500BD83D1 /* BaseViewController.m */ = {isa = PBXFileReference; fileEncoding = 4; lastKnownFileType = sourcecode.c.objc; path = BaseViewController.m; sourceTree = "<group>"; };
		04AD5C6B1EBB0B3500BD83D1 /* LocationManager.h */ = {isa = PBXFileReference; fileEncoding = 4; lastKnownFileType = sourcecode.c.h; path = LocationManager.h; sourceTree = "<group>"; };
		04AD5C6C1EBB0B3500BD83D1 /* LocationManager.m */ = {isa = PBXFileReference; fileEncoding = 4; lastKnownFileType = sourcecode.c.objc; path = LocationManager.m; sourceTree = "<group>"; };
		04AD5C6D1EBB0B3500BD83D1 /* HDUserInfo.h */ = {isa = PBXFileReference; fileEncoding = 4; lastKnownFileType = sourcecode.c.h; path = HDUserInfo.h; sourceTree = "<group>"; };
		04AD5C6E1EBB0B3500BD83D1 /* HDUserInfo.m */ = {isa = PBXFileReference; fileEncoding = 4; lastKnownFileType = sourcecode.c.objc; path = HDUserInfo.m; sourceTree = "<group>"; };
		04AD5CCE1EBB0BE800BD83D1 /* Colours.h */ = {isa = PBXFileReference; fileEncoding = 4; lastKnownFileType = sourcecode.c.h; path = Colours.h; sourceTree = "<group>"; };
		04AD5CCF1EBB0BE800BD83D1 /* Colours.m */ = {isa = PBXFileReference; fileEncoding = 4; lastKnownFileType = sourcecode.c.objc; path = Colours.m; sourceTree = "<group>"; };
		04AD5CD11EBB0CF000BD83D1 /* LoginViewController.h */ = {isa = PBXFileReference; fileEncoding = 4; lastKnownFileType = sourcecode.c.h; path = LoginViewController.h; sourceTree = "<group>"; };
		04AD5CD21EBB0CF000BD83D1 /* LoginViewController.m */ = {isa = PBXFileReference; fileEncoding = 4; lastKnownFileType = sourcecode.c.objc; path = LoginViewController.m; sourceTree = "<group>"; };
		04ED91381EC2C0B9009384FF /* BillDataModel.h */ = {isa = PBXFileReference; fileEncoding = 4; lastKnownFileType = sourcecode.c.h; path = BillDataModel.h; sourceTree = "<group>"; };
		04ED91391EC2C0B9009384FF /* BillDataModel.m */ = {isa = PBXFileReference; fileEncoding = 4; lastKnownFileType = sourcecode.c.objc; path = BillDataModel.m; sourceTree = "<group>"; };
		140D099B88426C2C90854804 /* Pods-HuiDian.release.xcconfig */ = {isa = PBXFileReference; includeInIndex = 1; lastKnownFileType = text.xcconfig; name = "Pods-HuiDian.release.xcconfig"; path = "Pods/Target Support Files/Pods-HuiDian/Pods-HuiDian.release.xcconfig"; sourceTree = "<group>"; };
		1FC637FEF786F01FE4D2EC06 /* libPods-HuiDian.a */ = {isa = PBXFileReference; explicitFileType = archive.ar; includeInIndex = 0; path = "libPods-HuiDian.a"; sourceTree = BUILT_PRODUCTS_DIR; };
		30B982DF5333576AC1319D02 /* Pods-HuiDian.debug.xcconfig */ = {isa = PBXFileReference; includeInIndex = 1; lastKnownFileType = text.xcconfig; name = "Pods-HuiDian.debug.xcconfig"; path = "Pods/Target Support Files/Pods-HuiDian/Pods-HuiDian.debug.xcconfig"; sourceTree = "<group>"; };
/* End PBXFileReference section */

/* Begin PBXFrameworksBuildPhase section */
		045B00FD1EB9C69F00107CC2 /* Frameworks */ = {
			isa = PBXFrameworksBuildPhase;
			buildActionMask = 2147483647;
			files = (
				19CD85CA087D866FE6D97C86 /* libPods-HuiDian.a in Frameworks */,
			);
			runOnlyForDeploymentPostprocessing = 0;
		};
		045B01191EB9C6A000107CC2 /* Frameworks */ = {
			isa = PBXFrameworksBuildPhase;
			buildActionMask = 2147483647;
			files = (
			);
			runOnlyForDeploymentPostprocessing = 0;
		};
		045B01241EB9C6A000107CC2 /* Frameworks */ = {
			isa = PBXFrameworksBuildPhase;
			buildActionMask = 2147483647;
			files = (
			);
			runOnlyForDeploymentPostprocessing = 0;
		};
/* End PBXFrameworksBuildPhase section */

/* Begin PBXGroup section */
		040FECFE1EC559D300CE0BC7 /* EditAddress */ = {
			isa = PBXGroup;
			children = (
				040FECFF1EC559EB00CE0BC7 /* AdressListViewController.h */,
				040FED001EC559EB00CE0BC7 /* AdressListViewController.m */,
				040FED011EC559EB00CE0BC7 /* AdressListViewController.xib */,
				040FED041EC55A6200CE0BC7 /* ShippingAlerTableViewCell.h */,
				040FED051EC55A6200CE0BC7 /* ShippingAlerTableViewCell.m */,
				040FED061EC55A6200CE0BC7 /* ShippingAlerTableViewCell.xib */,
				040FED091EC55B6100CE0BC7 /* ShippingALTableViewCell.h */,
				040FED0A1EC55B6100CE0BC7 /* ShippingALTableViewCell.m */,
				040FED0B1EC55B6100CE0BC7 /* ShippingALTableViewCell.xib */,
				040FED0E1EC5603600CE0BC7 /* EditShippingAddressViewController.h */,
				040FED0F1EC5603600CE0BC7 /* EditShippingAddressViewController.m */,
				040FED101EC5603600CE0BC7 /* EditShippingAddressViewController.xib */,
				040FED131EC5633600CE0BC7 /* PSCityPickerView.h */,
				040FED141EC5633600CE0BC7 /* PSCityPickerView.m */,
				040FED161EC5668500CE0BC7 /* city.plist */,
			);
			path = EditAddress;
			sourceTree = "<group>";
		};
		040FED181EC587FC00CE0BC7 /* BankCardManmagement */ = {
			isa = PBXGroup;
			children = (
				040FED191EC5886900CE0BC7 /* BankCardManageViewController.h */,
				040FED1A1EC5886900CE0BC7 /* BankCardManageViewController.m */,
				040FED1B1EC5886900CE0BC7 /* BankCardManageViewController.xib */,
				040FED1E1EC58B6C00CE0BC7 /* BankCardTableViewCell.h */,
				040FED1F1EC58B6C00CE0BC7 /* BankCardTableViewCell.m */,
				040FED201EC58B6C00CE0BC7 /* BankCardTableViewCell.xib */,
				040FED231EC5A3D500CE0BC7 /* BankPickView.h */,
				040FED241EC5A3D500CE0BC7 /* BankPickView.m */,
			);
			path = BankCardManmagement;
			sourceTree = "<group>";
		};
		042C6FB51EC405390035A912 /* ZZCircleProgress */ = {
			isa = PBXGroup;
			children = (
				042C6FB61EC405390035A912 /* NSTimer+timerBlock.h */,
				042C6FB71EC405390035A912 /* NSTimer+timerBlock.m */,
				042C6FB81EC405390035A912 /* ZZCircleProgress.bundle */,
				042C6FB91EC405390035A912 /* ZZCircleProgress.h */,
				042C6FBA1EC405390035A912 /* ZZCircleProgress.m */,
			);
			path = ZZCircleProgress;
			sourceTree = "<group>";
		};
		042C6FBE1EC438C70035A912 /* Set */ = {
			isa = PBXGroup;
			children = (
				040FED181EC587FC00CE0BC7 /* BankCardManmagement */,
				040FECFE1EC559D300CE0BC7 /* EditAddress */,
				042C6FBF1EC438DA0035A912 /* SetViewController.h */,
				042C6FC01EC438DA0035A912 /* SetViewController.m */,
				042C6FC11EC438DA0035A912 /* SetViewController.xib */,
				040FECF91EC552E000CE0BC7 /* EditPasswordViewController.h */,
				040FECFA1EC552E000CE0BC7 /* EditPasswordViewController.m */,
				040FECFB1EC552E000CE0BC7 /* EditPasswordViewController.xib */,
			);
			path = Set;
			sourceTree = "<group>";
		};
		042C6FC41EC444E20035A912 /* RealNameSet */ = {
			isa = PBXGroup;
			children = (
				042C6FC51EC444F30035A912 /* RealNameSetViewController.h */,
				042C6FC61EC444F30035A912 /* RealNameSetViewController.m */,
				042C6FC71EC444F30035A912 /* RealNameSetViewController.xib */,
			);
			path = RealNameSet;
			sourceTree = "<group>";
		};
		042C70151EC452340035A912 /* LBXScan */ = {
			isa = PBXGroup;
			children = (
				042C70161EC452340035A912 /* CodeScan.bundle */,
				042C70171EC452340035A912 /* LBXAlertAction */,
				042C701F1EC452340035A912 /* LBXScanLineAnimation.h */,
				042C70201EC452340035A912 /* LBXScanLineAnimation.m */,
				042C70211EC452340035A912 /* LBXScanNative.h */,
				042C70221EC452340035A912 /* LBXScanNative.m */,
				042C70231EC452340035A912 /* LBXScanNetAnimation.h */,
				042C70241EC452340035A912 /* LBXScanNetAnimation.m */,
				042C70251EC452340035A912 /* LBXScanResult.h */,
				042C70261EC452340035A912 /* LBXScanResult.m */,
				042C70271EC452340035A912 /* LBXScanView.h */,
				042C70281EC452340035A912 /* LBXScanView.m */,
				042C70291EC452340035A912 /* LBXScanViewController.h */,
				042C702A1EC452340035A912 /* LBXScanViewController.m */,
				042C702B1EC452340035A912 /* LBXScanViewStyle.h */,
				042C702C1EC452340035A912 /* LBXScanViewStyle.m */,
				042C702D1EC452340035A912 /* LBXScanWrapper.h */,
				042C702E1EC452340035A912 /* LBXScanWrapper.m */,
				042C702F1EC452340035A912 /* LBXZXCapture.h */,
				042C70301EC452340035A912 /* LBXZXCapture.m */,
				042C70311EC452340035A912 /* LBXZXCaptureDelegate.h */,
				042C70321EC452340035A912 /* ZXingWrapper.h */,
				042C70331EC452340035A912 /* ZXingWrapper.m */,
			);
			path = LBXScan;
			sourceTree = "<group>";
		};
		042C70171EC452340035A912 /* LBXAlertAction */ = {
			isa = PBXGroup;
			children = (
				042C70181EC452340035A912 /* Class */,
				042C701D1EC452340035A912 /* LBXAlertAction.h */,
				042C701E1EC452340035A912 /* LBXAlertAction.m */,
			);
			path = LBXAlertAction;
			sourceTree = "<group>";
		};
		042C70181EC452340035A912 /* Class */ = {
			isa = PBXGroup;
			children = (
				042C70191EC452340035A912 /* UIActionSheet+LBXAlertAction.h */,
				042C701A1EC452340035A912 /* UIActionSheet+LBXAlertAction.m */,
				042C701B1EC452340035A912 /* UIAlertView+LBXAlertAction.h */,
				042C701C1EC452340035A912 /* UIAlertView+LBXAlertAction.m */,
			);
			path = Class;
			sourceTree = "<group>";
		};
		045B00F71EB9C69F00107CC2 = {
			isa = PBXGroup;
			children = (
				045B01021EB9C69F00107CC2 /* HuiDian */,
				045B011F1EB9C6A000107CC2 /* HuiDianTests */,
				045B012A1EB9C6A000107CC2 /* HuiDianUITests */,
				045B01011EB9C69F00107CC2 /* Products */,
				990DD225B3EB1A0BA21D3F6A /* Pods */,
				05CA9538D783F62D05F9A1EB /* Frameworks */,
			);
			sourceTree = "<group>";
		};
		045B01011EB9C69F00107CC2 /* Products */ = {
			isa = PBXGroup;
			children = (
				045B01001EB9C69F00107CC2 /* HuiDian.app */,
				045B011C1EB9C6A000107CC2 /* HuiDianTests.xctest */,
				045B01271EB9C6A000107CC2 /* HuiDianUITests.xctest */,
			);
			name = Products;
			sourceTree = "<group>";
		};
		045B01021EB9C69F00107CC2 /* HuiDian */ = {
			isa = PBXGroup;
			children = (
				045B01061EB9C69F00107CC2 /* AppDelegate.h */,
				045B01071EB9C69F00107CC2 /* AppDelegate.m */,
				045B01091EB9C69F00107CC2 /* ViewController.h */,
				045B010A1EB9C69F00107CC2 /* ViewController.m */,
				045B010C1EB9C69F00107CC2 /* Main.storyboard */,
				045B01121EB9C69F00107CC2 /* Assets.xcassets */,
				045B01141EB9C69F00107CC2 /* LaunchScreen.storyboard */,
				045B01171EB9C69F00107CC2 /* Info.plist */,
				04AD5C5B1EBB0A7200BD83D1 /* PrefixHeader.pch */,
				04AD5C5C1EBB0A7D00BD83D1 /* TTXMacro.h */,
				045B010F1EB9C69F00107CC2 /* HuiDian.xcdatamodeld */,
				04614A3F1EC1AD680056951B /* Mine */,
				04AD5C1B1EBB087700BD83D1 /* Login */,
				04AD5CC31EBB0B9D00BD83D1 /* ThirdAPI */,
				045B01031EB9C69F00107CC2 /* Supporting Files */,
				04AD5C5D1EBB0B3500BD83D1 /* Base */,
				04AD5C1E1EBB0A1C00BD83D1 /* Public */,
			);
			path = HuiDian;
			sourceTree = "<group>";
		};
		045B01031EB9C69F00107CC2 /* Supporting Files */ = {
			isa = PBXGroup;
			children = (
				045B01041EB9C69F00107CC2 /* main.m */,
			);
			name = "Supporting Files";
			sourceTree = "<group>";
		};
		045B011F1EB9C6A000107CC2 /* HuiDianTests */ = {
			isa = PBXGroup;
			children = (
				045B01201EB9C6A000107CC2 /* HuiDianTests.m */,
				045B01221EB9C6A000107CC2 /* Info.plist */,
			);
			path = HuiDianTests;
			sourceTree = "<group>";
		};
		045B012A1EB9C6A000107CC2 /* HuiDianUITests */ = {
			isa = PBXGroup;
			children = (
				045B012B1EB9C6A000107CC2 /* HuiDianUITests.m */,
				045B012D1EB9C6A000107CC2 /* Info.plist */,
			);
			path = HuiDianUITests;
			sourceTree = "<group>";
		};
		04614A3F1EC1AD680056951B /* Mine */ = {
			isa = PBXGroup;
			children = (
				042C6FC41EC444E20035A912 /* RealNameSet */,
				042C6FBE1EC438C70035A912 /* Set */,
				04614A4F1EC1BDAC0056951B /* WalletDynamic  */,
				04614A451EC1ADC10056951B /* MineViewController.h */,
				04614A461EC1ADC10056951B /* MineViewController.m */,
				04614A481EC1B4010056951B /* MineTableViewCell.h */,
				04614A491EC1B4010056951B /* MineTableViewCell.m */,
				04614A4A1EC1B4010056951B /* MineTableViewCell.xib */,
				042C6FB51EC405390035A912 /* ZZCircleProgress */,
				04614A4D1EC1B8080056951B /* Mine.xcassets */,
			);
			path = Mine;
			sourceTree = "<group>";
		};
		04614A4F1EC1BDAC0056951B /* WalletDynamic  */ = {
			isa = PBXGroup;
			children = (
				04614A501EC1BE0F0056951B /* WalletDynamicViewController.h */,
				04614A511EC1BE0F0056951B /* WalletDynamicViewController.m */,
				04614A521EC1BE0F0056951B /* WalletDynamicViewController.xib */,
				04614A551EC1C4930056951B /* WalletView1.h */,
				04614A561EC1C4930056951B /* WalletView1.m */,
				04614A581EC1C49F0056951B /* WalletView1.xib */,
				04614A641EC1C8670056951B /* WalletView2.h */,
				04614A651EC1C8670056951B /* WalletView2.m */,
				04614A671EC1C8720056951B /* WalletView2.xib */,
				04614A691EC1C8C80056951B /* WalletView3.h */,
				04614A6A1EC1C8C80056951B /* WalletView3.m */,
				04614A6C1EC1C8D30056951B /* WalletView3.xib */,
				04614A5A1EC1C58B0056951B /* WalletDynammicTableViewCell.h */,
				04614A5B1EC1C58B0056951B /* WalletDynammicTableViewCell.m */,
				04614A5C1EC1C58B0056951B /* WalletDynammicTableViewCell.xib */,
				04614A5F1EC1C6E50056951B /* WalletDynamicOtherTableViewCell.h */,
				04614A601EC1C6E50056951B /* WalletDynamicOtherTableViewCell.m */,
				04614A611EC1C6E50056951B /* WalletDynamicOtherTableViewCell.xib */,
				04ED91381EC2C0B9009384FF /* BillDataModel.h */,
				04ED91391EC2C0B9009384FF /* BillDataModel.m */,
			);
			path = "WalletDynamic ";
			sourceTree = "<group>";
		};
		04AD5C1B1EBB087700BD83D1 /* Login */ = {
			isa = PBXGroup;
			children = (
				04AD5C1C1EBB089600BD83D1 /* Login.storyboard */,
				04AD5CD11EBB0CF000BD83D1 /* LoginViewController.h */,
				04AD5CD21EBB0CF000BD83D1 /* LoginViewController.m */,
				04614A351EC164420056951B /* ForgetPasswordViewController.h */,
				04614A361EC164420056951B /* ForgetPasswordViewController.m */,
				04614A371EC164420056951B /* ForgetPasswordViewController.xib */,
				04614A3A1EC1A2B60056951B /* RegisterViewController.h */,
				04614A3B1EC1A2B60056951B /* RegisterViewController.m */,
				04614A3C1EC1A2B60056951B /* RegisterViewController.xib */,
				041C7CD71EBC17720084D2D4 /* Login.xcassets */,
			);
			path = Login;
			sourceTree = "<group>";
		};
		04AD5C1E1EBB0A1C00BD83D1 /* Public */ = {
			isa = PBXGroup;
			children = (
				04AD5C221EBB0A1C00BD83D1 /* HttpClient */,
				04AD5C1F1EBB0A1C00BD83D1 /* AutoScroller.h */,
				04AD5C201EBB0A1C00BD83D1 /* AutoScroller.m */,
				04AD5C211EBB0A1C00BD83D1 /* HomebannerDefault.jpg */,
				04AD5C311EBB0A1C00BD83D1 /* merchantHeader.jpg */,
				04AD5C2D1EBB0A1C00BD83D1 /* JAlertViewHelper.h */,
				04AD5C2E1EBB0A1C00BD83D1 /* JAlertViewHelper.m */,
				04AD5C321EBB0A1C00BD83D1 /* NothingView.h */,
				04AD5C331EBB0A1C00BD83D1 /* NothingView.m */,
				04AD5C341EBB0A1C00BD83D1 /* NothingView.xib */,
				04AD5C361EBB0A1C00BD83D1 /* ShellCoinPageControlView.h */,
				04AD5C371EBB0A1C00BD83D1 /* ShellCoinPageControlView.m */,
				04AD5C381EBB0A1C00BD83D1 /* SortButtonSwitchView.h */,
				04AD5C391EBB0A1C00BD83D1 /* SortButtonSwitchView.m */,
				04AD5C3A1EBB0A1C00BD83D1 /* SwipeView.h */,
				04AD5C3B1EBB0A1C00BD83D1 /* SwipeView.m */,
				04AD5C3C1EBB0A1C00BD83D1 /* UIImage+ColorImage.h */,
				04AD5C3D1EBB0A1C00BD83D1 /* UIImage+ColorImage.m */,
				04AD5C3E1EBB0A1C00BD83D1 /* UILabel+StringFrame.h */,
				04AD5C3F1EBB0A1C00BD83D1 /* UILabel+StringFrame.m */,
				04AD5C401EBB0A1C00BD83D1 /* UIScrollView+NoDataSouce.h */,
				04AD5C411EBB0A1C00BD83D1 /* UIScrollView+NoDataSouce.m */,
				04AD5C421EBB0A1C00BD83D1 /* Verify.h */,
				04AD5C431EBB0A1C00BD83D1 /* Verify.m */,
				04AD5C351EBB0A1C00BD83D1 /* Public.xcassets */,
			);
			path = Public;
			sourceTree = "<group>";
		};
		04AD5C221EBB0A1C00BD83D1 /* HttpClient */ = {
			isa = PBXGroup;
			children = (
				04AD5C231EBB0A1C00BD83D1 /* 213955937960616.cer */,
				04AD5C241EBB0A1C00BD83D1 /* BaseHttpClient.h */,
				04AD5C251EBB0A1C00BD83D1 /* BaseHttpClient.m */,
				04AD5C261EBB0A1C00BD83D1 /* HttpClient.h */,
				04AD5C271EBB0A1C00BD83D1 /* HttpClient.m */,
				04AD5C281EBB0A1C00BD83D1 /* HttpClient_Readme.txt */,
				04AD5C291EBB0A1C00BD83D1 /* HttpClientAlertViewHelper.h */,
				04AD5C2A1EBB0A1C00BD83D1 /* HttpClientAlertViewHelper.m */,
				04AD5C2B1EBB0A1C00BD83D1 /* HttpClientConstant.h */,
				04AD5C2C1EBB0A1C00BD83D1 /* NetworkRequestProtocal.h */,
			);
			path = HttpClient;
			sourceTree = "<group>";
		};
		04AD5C5D1EBB0B3500BD83D1 /* Base */ = {
			isa = PBXGroup;
			children = (
				04AD5C5E1EBB0B3500BD83D1 /* BaseCollectionViewCell.h */,
				04AD5C5F1EBB0B3500BD83D1 /* BaseCollectionViewCell.m */,
				04AD5C601EBB0B3500BD83D1 /* BaseHtmlViewController.h */,
				04AD5C611EBB0B3500BD83D1 /* BaseHtmlViewController.m */,
				04AD5C621EBB0B3500BD83D1 /* BaseModel.h */,
				04AD5C631EBB0B3500BD83D1 /* BaseModel.m */,
				04AD5C641EBB0B3500BD83D1 /* BaseNavigationBar.h */,
				04AD5C651EBB0B3500BD83D1 /* BaseNavigationBar.m */,
				04AD5C661EBB0B3500BD83D1 /* BaseNavigationBar.xib */,
				04AD5C671EBB0B3500BD83D1 /* BaseTableViewCell.h */,
				04AD5C681EBB0B3500BD83D1 /* BaseTableViewCell.m */,
				04AD5C691EBB0B3500BD83D1 /* BaseViewController.h */,
				04AD5C6A1EBB0B3500BD83D1 /* BaseViewController.m */,
				04AD5C6B1EBB0B3500BD83D1 /* LocationManager.h */,
				04AD5C6C1EBB0B3500BD83D1 /* LocationManager.m */,
				04AD5C6D1EBB0B3500BD83D1 /* HDUserInfo.h */,
				04AD5C6E1EBB0B3500BD83D1 /* HDUserInfo.m */,
				041C7CD51EBC16F90084D2D4 /* Base.xcassets */,
			);
			path = Base;
			sourceTree = "<group>";
		};
		04AD5CC31EBB0B9D00BD83D1 /* ThirdAPI */ = {
			isa = PBXGroup;
			children = (
				042C70151EC452340035A912 /* LBXScan */,
				04AD5CCD1EBB0BE800BD83D1 /* Colours */,
			);
			path = ThirdAPI;
			sourceTree = "<group>";
		};
		04AD5CCD1EBB0BE800BD83D1 /* Colours */ = {
			isa = PBXGroup;
			children = (
				04AD5CCE1EBB0BE800BD83D1 /* Colours.h */,
				04AD5CCF1EBB0BE800BD83D1 /* Colours.m */,
			);
			path = Colours;
			sourceTree = "<group>";
		};
		05CA9538D783F62D05F9A1EB /* Frameworks */ = {
			isa = PBXGroup;
			children = (
				1FC637FEF786F01FE4D2EC06 /* libPods-HuiDian.a */,
			);
			name = Frameworks;
			sourceTree = "<group>";
		};
		990DD225B3EB1A0BA21D3F6A /* Pods */ = {
			isa = PBXGroup;
			children = (
				30B982DF5333576AC1319D02 /* Pods-HuiDian.debug.xcconfig */,
				140D099B88426C2C90854804 /* Pods-HuiDian.release.xcconfig */,
			);
			name = Pods;
			sourceTree = "<group>";
		};
/* End PBXGroup section */

/* Begin PBXNativeTarget section */
		045B00FF1EB9C69F00107CC2 /* HuiDian */ = {
			isa = PBXNativeTarget;
			buildConfigurationList = 045B01301EB9C6A000107CC2 /* Build configuration list for PBXNativeTarget "HuiDian" */;
			buildPhases = (
				24EC9AF4AD9568C4B9FEBE32 /* [CP] Check Pods Manifest.lock */,
				045B00FC1EB9C69F00107CC2 /* Sources */,
				045B00FD1EB9C69F00107CC2 /* Frameworks */,
				045B00FE1EB9C69F00107CC2 /* Resources */,
				223361219605B6DAFC79C228 /* [CP] Embed Pods Frameworks */,
				61CF0F2E32B025E75AE68A88 /* [CP] Copy Pods Resources */,
			);
			buildRules = (
			);
			dependencies = (
			);
			name = HuiDian;
			productName = HuiDian;
			productReference = 045B01001EB9C69F00107CC2 /* HuiDian.app */;
			productType = "com.apple.product-type.application";
		};
		045B011B1EB9C6A000107CC2 /* HuiDianTests */ = {
			isa = PBXNativeTarget;
			buildConfigurationList = 045B01331EB9C6A000107CC2 /* Build configuration list for PBXNativeTarget "HuiDianTests" */;
			buildPhases = (
				045B01181EB9C6A000107CC2 /* Sources */,
				045B01191EB9C6A000107CC2 /* Frameworks */,
				045B011A1EB9C6A000107CC2 /* Resources */,
			);
			buildRules = (
			);
			dependencies = (
				045B011E1EB9C6A000107CC2 /* PBXTargetDependency */,
			);
			name = HuiDianTests;
			productName = HuiDianTests;
			productReference = 045B011C1EB9C6A000107CC2 /* HuiDianTests.xctest */;
			productType = "com.apple.product-type.bundle.unit-test";
		};
		045B01261EB9C6A000107CC2 /* HuiDianUITests */ = {
			isa = PBXNativeTarget;
			buildConfigurationList = 045B01361EB9C6A000107CC2 /* Build configuration list for PBXNativeTarget "HuiDianUITests" */;
			buildPhases = (
				045B01231EB9C6A000107CC2 /* Sources */,
				045B01241EB9C6A000107CC2 /* Frameworks */,
				045B01251EB9C6A000107CC2 /* Resources */,
			);
			buildRules = (
			);
			dependencies = (
				045B01291EB9C6A000107CC2 /* PBXTargetDependency */,
			);
			name = HuiDianUITests;
			productName = HuiDianUITests;
			productReference = 045B01271EB9C6A000107CC2 /* HuiDianUITests.xctest */;
			productType = "com.apple.product-type.bundle.ui-testing";
		};
/* End PBXNativeTarget section */

/* Begin PBXProject section */
		045B00F81EB9C69F00107CC2 /* Project object */ = {
			isa = PBXProject;
			attributes = {
				LastUpgradeCheck = 0830;
				ORGANIZATIONNAME = Huidian;
				TargetAttributes = {
					045B00FF1EB9C69F00107CC2 = {
						CreatedOnToolsVersion = 8.3.1;
						ProvisioningStyle = Automatic;
					};
					045B011B1EB9C6A000107CC2 = {
						CreatedOnToolsVersion = 8.3.1;
						ProvisioningStyle = Automatic;
						TestTargetID = 045B00FF1EB9C69F00107CC2;
					};
					045B01261EB9C6A000107CC2 = {
						CreatedOnToolsVersion = 8.3.1;
						ProvisioningStyle = Automatic;
						TestTargetID = 045B00FF1EB9C69F00107CC2;
					};
				};
			};
			buildConfigurationList = 045B00FB1EB9C69F00107CC2 /* Build configuration list for PBXProject "HuiDian" */;
			compatibilityVersion = "Xcode 3.2";
			developmentRegion = English;
			hasScannedForEncodings = 0;
			knownRegions = (
				en,
				Base,
			);
			mainGroup = 045B00F71EB9C69F00107CC2;
			productRefGroup = 045B01011EB9C69F00107CC2 /* Products */;
			projectDirPath = "";
			projectRoot = "";
			targets = (
				045B00FF1EB9C69F00107CC2 /* HuiDian */,
				045B011B1EB9C6A000107CC2 /* HuiDianTests */,
				045B01261EB9C6A000107CC2 /* HuiDianUITests */,
			);
		};
/* End PBXProject section */

/* Begin PBXResourcesBuildPhase section */
		045B00FE1EB9C69F00107CC2 /* Resources */ = {
			isa = PBXResourcesBuildPhase;
			buildActionMask = 2147483647;
			files = (
				04614A391EC164420056951B /* ForgetPasswordViewController.xib in Resources */,
				04AD5C1D1EBB089600BD83D1 /* Login.storyboard in Resources */,
				04614A6D1EC1C8D30056951B /* WalletView3.xib in Resources */,
				040FED121EC5603600CE0BC7 /* EditShippingAddressViewController.xib in Resources */,
				040FED081EC55A6200CE0BC7 /* ShippingAlerTableViewCell.xib in Resources */,
				04614A4C1EC1B4010056951B /* MineTableViewCell.xib in Resources */,
				045B01161EB9C69F00107CC2 /* LaunchScreen.storyboard in Resources */,
				045B01131EB9C69F00107CC2 /* Assets.xcassets in Resources */,
				04AD5C731EBB0B3500BD83D1 /* BaseNavigationBar.xib in Resources */,
				040FED0D1EC55B6100CE0BC7 /* ShippingALTableViewCell.xib in Resources */,
				04AD5C471EBB0A1C00BD83D1 /* HomebannerDefault.jpg in Resources */,
				04614A541EC1BE0F0056951B /* WalletDynamicViewController.xib in Resources */,
				041C7CD81EBC17720084D2D4 /* Login.xcassets in Resources */,
				042C6FBC1EC4053A0035A912 /* ZZCircleProgress.bundle in Resources */,
				040FED1D1EC5886900CE0BC7 /* BankCardManageViewController.xib in Resources */,
				04614A4E1EC1B8080056951B /* Mine.xcassets in Resources */,
				04AD5C521EBB0A1C00BD83D1 /* Public.xcassets in Resources */,
				04AD5C4F1EBB0A1C00BD83D1 /* merchantHeader.jpg in Resources */,
				04AD5C511EBB0A1C00BD83D1 /* NothingView.xib in Resources */,
				041C7CD61EBC16F90084D2D4 /* Base.xcassets in Resources */,
				040FED221EC58B6C00CE0BC7 /* BankCardTableViewCell.xib in Resources */,
				042C6FC31EC438DA0035A912 /* SetViewController.xib in Resources */,
				04614A5E1EC1C58B0056951B /* WalletDynammicTableViewCell.xib in Resources */,
				040FED171EC5668500CE0BC7 /* city.plist in Resources */,
				040FED031EC559EB00CE0BC7 /* AdressListViewController.xib in Resources */,
				04614A3E1EC1A2B60056951B /* RegisterViewController.xib in Resources */,
				045B010E1EB9C69F00107CC2 /* Main.storyboard in Resources */,
				04AD5C481EBB0A1C00BD83D1 /* 213955937960616.cer in Resources */,
				04614A681EC1C8720056951B /* WalletView2.xib in Resources */,
				042C6FC91EC444F40035A912 /* RealNameSetViewController.xib in Resources */,
				040FECFD1EC552E000CE0BC7 /* EditPasswordViewController.xib in Resources */,
				04614A591EC1C49F0056951B /* WalletView1.xib in Resources */,
				04614A631EC1C6E50056951B /* WalletDynamicOtherTableViewCell.xib in Resources */,
				042C70341EC452340035A912 /* CodeScan.bundle in Resources */,
				04AD5C4B1EBB0A1C00BD83D1 /* HttpClient_Readme.txt in Resources */,
			);
			runOnlyForDeploymentPostprocessing = 0;
		};
		045B011A1EB9C6A000107CC2 /* Resources */ = {
			isa = PBXResourcesBuildPhase;
			buildActionMask = 2147483647;
			files = (
			);
			runOnlyForDeploymentPostprocessing = 0;
		};
		045B01251EB9C6A000107CC2 /* Resources */ = {
			isa = PBXResourcesBuildPhase;
			buildActionMask = 2147483647;
			files = (
			);
			runOnlyForDeploymentPostprocessing = 0;
		};
/* End PBXResourcesBuildPhase section */

/* Begin PBXShellScriptBuildPhase section */
		223361219605B6DAFC79C228 /* [CP] Embed Pods Frameworks */ = {
			isa = PBXShellScriptBuildPhase;
			buildActionMask = 2147483647;
			files = (
			);
			inputPaths = (
			);
			name = "[CP] Embed Pods Frameworks";
			outputPaths = (
			);
			runOnlyForDeploymentPostprocessing = 0;
			shellPath = /bin/sh;
			shellScript = "\"${SRCROOT}/Pods/Target Support Files/Pods-HuiDian/Pods-HuiDian-frameworks.sh\"\n";
			showEnvVarsInLog = 0;
		};
		24EC9AF4AD9568C4B9FEBE32 /* [CP] Check Pods Manifest.lock */ = {
			isa = PBXShellScriptBuildPhase;
			buildActionMask = 2147483647;
			files = (
			);
			inputPaths = (
			);
			name = "[CP] Check Pods Manifest.lock";
			outputPaths = (
			);
			runOnlyForDeploymentPostprocessing = 0;
			shellPath = /bin/sh;
			shellScript = "diff \"${PODS_PODFILE_DIR_PATH}/Podfile.lock\" \"${PODS_ROOT}/Manifest.lock\" > /dev/null\nif [ $? != 0 ] ; then\n    # print error to STDERR\n    echo \"error: The sandbox is not in sync with the Podfile.lock. Run 'pod install' or update your CocoaPods installation.\" >&2\n    exit 1\nfi\n";
			showEnvVarsInLog = 0;
		};
		61CF0F2E32B025E75AE68A88 /* [CP] Copy Pods Resources */ = {
			isa = PBXShellScriptBuildPhase;
			buildActionMask = 2147483647;
			files = (
			);
			inputPaths = (
			);
			name = "[CP] Copy Pods Resources";
			outputPaths = (
			);
			runOnlyForDeploymentPostprocessing = 0;
			shellPath = /bin/sh;
			shellScript = "\"${SRCROOT}/Pods/Target Support Files/Pods-HuiDian/Pods-HuiDian-resources.sh\"\n";
			showEnvVarsInLog = 0;
		};
/* End PBXShellScriptBuildPhase section */

/* Begin PBXSourcesBuildPhase section */
		045B00FC1EB9C69F00107CC2 /* Sources */ = {
			isa = PBXSourcesBuildPhase;
			buildActionMask = 2147483647;
			files = (
				042C703E1EC452340035A912 /* LBXScanViewStyle.m in Sources */,
				04AD5C761EBB0B3500BD83D1 /* LocationManager.m in Sources */,
				04AD5C561EBB0A1C00BD83D1 /* UIImage+ColorImage.m in Sources */,
				040FED111EC5603600CE0BC7 /* EditShippingAddressViewController.m in Sources */,
				042C70381EC452340035A912 /* LBXScanLineAnimation.m in Sources */,
				04AD5C6F1EBB0B3500BD83D1 /* BaseCollectionViewCell.m in Sources */,
				04AD5C4C1EBB0A1C00BD83D1 /* HttpClientAlertViewHelper.m in Sources */,
				040FED251EC5A3D500CE0BC7 /* BankPickView.m in Sources */,
				045B010B1EB9C69F00107CC2 /* ViewController.m in Sources */,
				04614A531EC1BE0F0056951B /* WalletDynamicViewController.m in Sources */,
				04AD5CD31EBB0CF000BD83D1 /* LoginViewController.m in Sources */,
				042C6FC21EC438DA0035A912 /* SetViewController.m in Sources */,
				04AD5C591EBB0A1C00BD83D1 /* Verify.m in Sources */,
				04AD5C4D1EBB0A1C00BD83D1 /* JAlertViewHelper.m in Sources */,
				042C70391EC452340035A912 /* LBXScanNative.m in Sources */,
				042C703F1EC452340035A912 /* LBXScanWrapper.m in Sources */,
				04AD5C461EBB0A1C00BD83D1 /* AutoScroller.m in Sources */,
				045B01081EB9C69F00107CC2 /* AppDelegate.m in Sources */,
				045B01111EB9C69F00107CC2 /* HuiDian.xcdatamodeld in Sources */,
				042C70371EC452340035A912 /* LBXAlertAction.m in Sources */,
				042C703D1EC452340035A912 /* LBXScanViewController.m in Sources */,
				04614A3D1EC1A2B60056951B /* RegisterViewController.m in Sources */,
				04AD5C541EBB0A1C00BD83D1 /* SortButtonSwitchView.m in Sources */,
				04614A571EC1C4930056951B /* WalletView1.m in Sources */,
				040FED151EC5633600CE0BC7 /* PSCityPickerView.m in Sources */,
				04AD5C581EBB0A1C00BD83D1 /* UIScrollView+NoDataSouce.m in Sources */,
				04AD5C531EBB0A1C00BD83D1 /* ShellCoinPageControlView.m in Sources */,
				04AD5C551EBB0A1C00BD83D1 /* SwipeView.m in Sources */,
				04AD5C571EBB0A1C00BD83D1 /* UILabel+StringFrame.m in Sources */,
				042C6FBB1EC4053A0035A912 /* NSTimer+timerBlock.m in Sources */,
				04AD5C741EBB0B3500BD83D1 /* BaseTableViewCell.m in Sources */,
				04614A621EC1C6E50056951B /* WalletDynamicOtherTableViewCell.m in Sources */,
				040FED021EC559EB00CE0BC7 /* AdressListViewController.m in Sources */,
				045B01051EB9C69F00107CC2 /* main.m in Sources */,
				04AD5CD01EBB0BE800BD83D1 /* Colours.m in Sources */,
				042C6FBD1EC4053A0035A912 /* ZZCircleProgress.m in Sources */,
				04AD5C501EBB0A1C00BD83D1 /* NothingView.m in Sources */,
				042C70361EC452340035A912 /* UIAlertView+LBXAlertAction.m in Sources */,
				04ED913A1EC2C0B9009384FF /* BillDataModel.m in Sources */,
				042C703B1EC452340035A912 /* LBXScanResult.m in Sources */,
				04614A4B1EC1B4010056951B /* MineTableViewCell.m in Sources */,
				042C70411EC452340035A912 /* ZXingWrapper.m in Sources */,
				04AD5C4A1EBB0A1C00BD83D1 /* HttpClient.m in Sources */,
				040FECFC1EC552E000CE0BC7 /* EditPasswordViewController.m in Sources */,
				040FED071EC55A6200CE0BC7 /* ShippingAlerTableViewCell.m in Sources */,
				042C703A1EC452340035A912 /* LBXScanNetAnimation.m in Sources */,
				04614A661EC1C8670056951B /* WalletView2.m in Sources */,
				04AD5C491EBB0A1C00BD83D1 /* BaseHttpClient.m in Sources */,
				04AD5C771EBB0B3500BD83D1 /* HDUserInfo.m in Sources */,
				04AD5C711EBB0B3500BD83D1 /* BaseModel.m in Sources */,
				040FED0C1EC55B6100CE0BC7 /* ShippingALTableViewCell.m in Sources */,
				042C6FC81EC444F40035A912 /* RealNameSetViewController.m in Sources */,
				04AD5C721EBB0B3500BD83D1 /* BaseNavigationBar.m in Sources */,
				04AD5C701EBB0B3500BD83D1 /* BaseHtmlViewController.m in Sources */,
				040FED211EC58B6C00CE0BC7 /* BankCardTableViewCell.m in Sources */,
				042C70351EC452340035A912 /* UIActionSheet+LBXAlertAction.m in Sources */,
				04614A5D1EC1C58B0056951B /* WalletDynammicTableViewCell.m in Sources */,
				04614A471EC1ADC10056951B /* MineViewController.m in Sources */,
				042C70401EC452340035A912 /* LBXZXCapture.m in Sources */,
				042C703C1EC452340035A912 /* LBXScanView.m in Sources */,
				04614A6B1EC1C8C80056951B /* WalletView3.m in Sources */,
				04614A381EC164420056951B /* ForgetPasswordViewController.m in Sources */,
				04AD5C751EBB0B3500BD83D1 /* BaseViewController.m in Sources */,
				040FED1C1EC5886900CE0BC7 /* BankCardManageViewController.m in Sources */,
			);
			runOnlyForDeploymentPostprocessing = 0;
		};
		045B01181EB9C6A000107CC2 /* Sources */ = {
			isa = PBXSourcesBuildPhase;
			buildActionMask = 2147483647;
			files = (
				045B01211EB9C6A000107CC2 /* HuiDianTests.m in Sources */,
			);
			runOnlyForDeploymentPostprocessing = 0;
		};
		045B01231EB9C6A000107CC2 /* Sources */ = {
			isa = PBXSourcesBuildPhase;
			buildActionMask = 2147483647;
			files = (
				045B012C1EB9C6A000107CC2 /* HuiDianUITests.m in Sources */,
			);
			runOnlyForDeploymentPostprocessing = 0;
		};
/* End PBXSourcesBuildPhase section */

/* Begin PBXTargetDependency section */
		045B011E1EB9C6A000107CC2 /* PBXTargetDependency */ = {
			isa = PBXTargetDependency;
			target = 045B00FF1EB9C69F00107CC2 /* HuiDian */;
			targetProxy = 045B011D1EB9C6A000107CC2 /* PBXContainerItemProxy */;
		};
		045B01291EB9C6A000107CC2 /* PBXTargetDependency */ = {
			isa = PBXTargetDependency;
			target = 045B00FF1EB9C69F00107CC2 /* HuiDian */;
			targetProxy = 045B01281EB9C6A000107CC2 /* PBXContainerItemProxy */;
		};
/* End PBXTargetDependency section */

/* Begin PBXVariantGroup section */
		045B010C1EB9C69F00107CC2 /* Main.storyboard */ = {
			isa = PBXVariantGroup;
			children = (
				045B010D1EB9C69F00107CC2 /* Base */,
			);
			name = Main.storyboard;
			sourceTree = "<group>";
		};
		045B01141EB9C69F00107CC2 /* LaunchScreen.storyboard */ = {
			isa = PBXVariantGroup;
			children = (
				045B01151EB9C69F00107CC2 /* Base */,
			);
			name = LaunchScreen.storyboard;
			sourceTree = "<group>";
		};
/* End PBXVariantGroup section */

/* Begin XCBuildConfiguration section */
		045B012E1EB9C6A000107CC2 /* Debug */ = {
			isa = XCBuildConfiguration;
			buildSettings = {
				ALWAYS_SEARCH_USER_PATHS = NO;
				CLANG_ANALYZER_NONNULL = YES;
				CLANG_ANALYZER_NUMBER_OBJECT_CONVERSION = YES_AGGRESSIVE;
				CLANG_CXX_LANGUAGE_STANDARD = "gnu++0x";
				CLANG_CXX_LIBRARY = "libc++";
				CLANG_ENABLE_MODULES = YES;
				CLANG_ENABLE_OBJC_ARC = YES;
				CLANG_WARN_BOOL_CONVERSION = YES;
				CLANG_WARN_CONSTANT_CONVERSION = YES;
				CLANG_WARN_DIRECT_OBJC_ISA_USAGE = YES_ERROR;
				CLANG_WARN_DOCUMENTATION_COMMENTS = YES;
				CLANG_WARN_EMPTY_BODY = YES;
				CLANG_WARN_ENUM_CONVERSION = YES;
				CLANG_WARN_INFINITE_RECURSION = YES;
				CLANG_WARN_INT_CONVERSION = YES;
				CLANG_WARN_OBJC_ROOT_CLASS = YES_ERROR;
				CLANG_WARN_SUSPICIOUS_MOVE = YES;
				CLANG_WARN_UNREACHABLE_CODE = YES;
				CLANG_WARN__DUPLICATE_METHOD_MATCH = YES;
				"CODE_SIGN_IDENTITY[sdk=iphoneos*]" = "iPhone Developer";
				COPY_PHASE_STRIP = NO;
				DEBUG_INFORMATION_FORMAT = dwarf;
				ENABLE_STRICT_OBJC_MSGSEND = YES;
				ENABLE_TESTABILITY = YES;
				GCC_C_LANGUAGE_STANDARD = gnu99;
				GCC_DYNAMIC_NO_PIC = NO;
				GCC_NO_COMMON_BLOCKS = YES;
				GCC_OPTIMIZATION_LEVEL = 0;
				GCC_PREPROCESSOR_DEFINITIONS = (
					"DEBUG=1",
					"$(inherited)",
				);
				GCC_WARN_64_TO_32_BIT_CONVERSION = YES;
				GCC_WARN_ABOUT_RETURN_TYPE = YES_ERROR;
				GCC_WARN_UNDECLARED_SELECTOR = YES;
				GCC_WARN_UNINITIALIZED_AUTOS = YES_AGGRESSIVE;
				GCC_WARN_UNUSED_FUNCTION = YES;
				GCC_WARN_UNUSED_VARIABLE = YES;
				IPHONEOS_DEPLOYMENT_TARGET = 10.3;
				MTL_ENABLE_DEBUG_INFO = YES;
				ONLY_ACTIVE_ARCH = YES;
				SDKROOT = iphoneos;
			};
			name = Debug;
		};
		045B012F1EB9C6A000107CC2 /* Release */ = {
			isa = XCBuildConfiguration;
			buildSettings = {
				ALWAYS_SEARCH_USER_PATHS = NO;
				CLANG_ANALYZER_NONNULL = YES;
				CLANG_ANALYZER_NUMBER_OBJECT_CONVERSION = YES_AGGRESSIVE;
				CLANG_CXX_LANGUAGE_STANDARD = "gnu++0x";
				CLANG_CXX_LIBRARY = "libc++";
				CLANG_ENABLE_MODULES = YES;
				CLANG_ENABLE_OBJC_ARC = YES;
				CLANG_WARN_BOOL_CONVERSION = YES;
				CLANG_WARN_CONSTANT_CONVERSION = YES;
				CLANG_WARN_DIRECT_OBJC_ISA_USAGE = YES_ERROR;
				CLANG_WARN_DOCUMENTATION_COMMENTS = YES;
				CLANG_WARN_EMPTY_BODY = YES;
				CLANG_WARN_ENUM_CONVERSION = YES;
				CLANG_WARN_INFINITE_RECURSION = YES;
				CLANG_WARN_INT_CONVERSION = YES;
				CLANG_WARN_OBJC_ROOT_CLASS = YES_ERROR;
				CLANG_WARN_SUSPICIOUS_MOVE = YES;
				CLANG_WARN_UNREACHABLE_CODE = YES;
				CLANG_WARN__DUPLICATE_METHOD_MATCH = YES;
				"CODE_SIGN_IDENTITY[sdk=iphoneos*]" = "iPhone Developer";
				COPY_PHASE_STRIP = NO;
				DEBUG_INFORMATION_FORMAT = "dwarf-with-dsym";
				ENABLE_NS_ASSERTIONS = NO;
				ENABLE_STRICT_OBJC_MSGSEND = YES;
				GCC_C_LANGUAGE_STANDARD = gnu99;
				GCC_NO_COMMON_BLOCKS = YES;
				GCC_WARN_64_TO_32_BIT_CONVERSION = YES;
				GCC_WARN_ABOUT_RETURN_TYPE = YES_ERROR;
				GCC_WARN_UNDECLARED_SELECTOR = YES;
				GCC_WARN_UNINITIALIZED_AUTOS = YES_AGGRESSIVE;
				GCC_WARN_UNUSED_FUNCTION = YES;
				GCC_WARN_UNUSED_VARIABLE = YES;
				IPHONEOS_DEPLOYMENT_TARGET = 10.3;
				MTL_ENABLE_DEBUG_INFO = NO;
				SDKROOT = iphoneos;
				VALIDATE_PRODUCT = YES;
			};
			name = Release;
		};
		045B01311EB9C6A000107CC2 /* Debug */ = {
			isa = XCBuildConfiguration;
			baseConfigurationReference = 30B982DF5333576AC1319D02 /* Pods-HuiDian.debug.xcconfig */;
			buildSettings = {
				ASSETCATALOG_COMPILER_APPICON_NAME = AppIcon;
				FRAMEWORK_SEARCH_PATHS = (
					"$(inherited)",
					"$(PROJECT_DIR)/ThirdAPI/share/UMSocial_Sdk_4.4",
					"$(PROJECT_DIR)/ThirdAPI/UMStatistics_4.1.4",
					"$(PROJECT_DIR)/HuiDian/ThirdAPI/ThirdAPI/share/UMSocial_Sdk_4.4",
					"$(PROJECT_DIR)/HuiDian/ThirdAPI/ThirdAPI/UMStatistics_4.1.4",
				);
				GCC_PREFIX_HEADER = "$(SRCROOT)/HuiDian/PrefixHeader.pch";
				INFOPLIST_FILE = HuiDian/Info.plist;
				IPHONEOS_DEPLOYMENT_TARGET = 8.0;
				LD_RUNPATH_SEARCH_PATHS = "$(inherited) @executable_path/Frameworks";
				LIBRARY_SEARCH_PATHS = (
					"$(inherited)",
					"$(PROJECT_DIR)/ThirdAPI/share/UMessage_Sdk_1.2.3",
					"$(PROJECT_DIR)/ThirdAPI/share/Wechat",
					"$(PROJECT_DIR)/HuiDian/ThirdAPI/ThirdAPI/share/UMessage_Sdk_1.2.3",
					"$(PROJECT_DIR)/HuiDian/ThirdAPI/ThirdAPI/share/Wechat",
				);
				PRODUCT_BUNDLE_IDENTIFIER = com.HuiDian.HuiDian;
				PRODUCT_NAME = "$(TARGET_NAME)";
			};
			name = Debug;
		};
		045B01321EB9C6A000107CC2 /* Release */ = {
			isa = XCBuildConfiguration;
			baseConfigurationReference = 140D099B88426C2C90854804 /* Pods-HuiDian.release.xcconfig */;
			buildSettings = {
				ASSETCATALOG_COMPILER_APPICON_NAME = AppIcon;
				FRAMEWORK_SEARCH_PATHS = (
					"$(inherited)",
					"$(PROJECT_DIR)/ThirdAPI/share/UMSocial_Sdk_4.4",
					"$(PROJECT_DIR)/ThirdAPI/UMStatistics_4.1.4",
					"$(PROJECT_DIR)/HuiDian/ThirdAPI/ThirdAPI/share/UMSocial_Sdk_4.4",
					"$(PROJECT_DIR)/HuiDian/ThirdAPI/ThirdAPI/UMStatistics_4.1.4",
				);
				GCC_PREFIX_HEADER = "$(SRCROOT)/HuiDian/PrefixHeader.pch";
				INFOPLIST_FILE = HuiDian/Info.plist;
				IPHONEOS_DEPLOYMENT_TARGET = 8.0;
				LD_RUNPATH_SEARCH_PATHS = "$(inherited) @executable_path/Frameworks";
				LIBRARY_SEARCH_PATHS = (
					"$(inherited)",
					"$(PROJECT_DIR)/ThirdAPI/share/UMessage_Sdk_1.2.3",
					"$(PROJECT_DIR)/ThirdAPI/share/Wechat",
					"$(PROJECT_DIR)/HuiDian/ThirdAPI/ThirdAPI/share/UMessage_Sdk_1.2.3",
					"$(PROJECT_DIR)/HuiDian/ThirdAPI/ThirdAPI/share/Wechat",
				);
				PRODUCT_BUNDLE_IDENTIFIER = com.HuiDian.HuiDian;
				PRODUCT_NAME = "$(TARGET_NAME)";
			};
			name = Release;
		};
		045B01341EB9C6A000107CC2 /* Debug */ = {
			isa = XCBuildConfiguration;
			buildSettings = {
				BUNDLE_LOADER = "$(TEST_HOST)";
				INFOPLIST_FILE = HuiDianTests/Info.plist;
				LD_RUNPATH_SEARCH_PATHS = "$(inherited) @executable_path/Frameworks @loader_path/Frameworks";
				PRODUCT_BUNDLE_IDENTIFIER = com.HuiDianTests;
				PRODUCT_NAME = "$(TARGET_NAME)";
				TEST_HOST = "$(BUILT_PRODUCTS_DIR)/HuiDian.app/HuiDian";
			};
			name = Debug;
		};
		045B01351EB9C6A000107CC2 /* Release */ = {
			isa = XCBuildConfiguration;
			buildSettings = {
				BUNDLE_LOADER = "$(TEST_HOST)";
				INFOPLIST_FILE = HuiDianTests/Info.plist;
				LD_RUNPATH_SEARCH_PATHS = "$(inherited) @executable_path/Frameworks @loader_path/Frameworks";
				PRODUCT_BUNDLE_IDENTIFIER = com.HuiDianTests;
				PRODUCT_NAME = "$(TARGET_NAME)";
				TEST_HOST = "$(BUILT_PRODUCTS_DIR)/HuiDian.app/HuiDian";
			};
			name = Release;
		};
		045B01371EB9C6A000107CC2 /* Debug */ = {
			isa = XCBuildConfiguration;
			buildSettings = {
				INFOPLIST_FILE = HuiDianUITests/Info.plist;
				LD_RUNPATH_SEARCH_PATHS = "$(inherited) @executable_path/Frameworks @loader_path/Frameworks";
				PRODUCT_BUNDLE_IDENTIFIER = com.HuiDianUITests;
				PRODUCT_NAME = "$(TARGET_NAME)";
				TEST_TARGET_NAME = HuiDian;
			};
			name = Debug;
		};
		045B01381EB9C6A000107CC2 /* Release */ = {
			isa = XCBuildConfiguration;
			buildSettings = {
				INFOPLIST_FILE = HuiDianUITests/Info.plist;
				LD_RUNPATH_SEARCH_PATHS = "$(inherited) @executable_path/Frameworks @loader_path/Frameworks";
				PRODUCT_BUNDLE_IDENTIFIER = com.HuiDianUITests;
				PRODUCT_NAME = "$(TARGET_NAME)";
				TEST_TARGET_NAME = HuiDian;
			};
			name = Release;
		};
/* End XCBuildConfiguration section */

/* Begin XCConfigurationList section */
		045B00FB1EB9C69F00107CC2 /* Build configuration list for PBXProject "HuiDian" */ = {
			isa = XCConfigurationList;
			buildConfigurations = (
				045B012E1EB9C6A000107CC2 /* Debug */,
				045B012F1EB9C6A000107CC2 /* Release */,
			);
			defaultConfigurationIsVisible = 0;
			defaultConfigurationName = Release;
		};
		045B01301EB9C6A000107CC2 /* Build configuration list for PBXNativeTarget "HuiDian" */ = {
			isa = XCConfigurationList;
			buildConfigurations = (
				045B01311EB9C6A000107CC2 /* Debug */,
				045B01321EB9C6A000107CC2 /* Release */,
			);
			defaultConfigurationIsVisible = 0;
			defaultConfigurationName = Release;
		};
		045B01331EB9C6A000107CC2 /* Build configuration list for PBXNativeTarget "HuiDianTests" */ = {
			isa = XCConfigurationList;
			buildConfigurations = (
				045B01341EB9C6A000107CC2 /* Debug */,
				045B01351EB9C6A000107CC2 /* Release */,
			);
			defaultConfigurationIsVisible = 0;
			defaultConfigurationName = Release;
		};
		045B01361EB9C6A000107CC2 /* Build configuration list for PBXNativeTarget "HuiDianUITests" */ = {
			isa = XCConfigurationList;
			buildConfigurations = (
				045B01371EB9C6A000107CC2 /* Debug */,
				045B01381EB9C6A000107CC2 /* Release */,
			);
			defaultConfigurationIsVisible = 0;
			defaultConfigurationName = Release;
		};
/* End XCConfigurationList section */

/* Begin XCVersionGroup section */
		045B010F1EB9C69F00107CC2 /* HuiDian.xcdatamodeld */ = {
			isa = XCVersionGroup;
			children = (
				045B01101EB9C69F00107CC2 /* HuiDian.xcdatamodel */,
			);
			currentVersion = 045B01101EB9C69F00107CC2 /* HuiDian.xcdatamodel */;
			path = HuiDian.xcdatamodeld;
			sourceTree = "<group>";
			versionGroupType = wrapper.xcdatamodel;
		};
/* End XCVersionGroup section */
	};
	rootObject = 045B00F81EB9C69F00107CC2 /* Project object */;
}
